// !$*UTF8*$!
{
	archiveVersion = 1;
	classes = {
	};
	objectVersion = 46;
	objects = {

/* Begin PBXBuildFile section */
		3EF219FD36AD648384835660 /* libPods.a in Frameworks */ = {isa = PBXBuildFile; fileRef = E715E4B03A7993FD44B7C8A7 /* libPods.a */; };
		5102EDA61CC8985600F97A10 /* AddressModel.m in Sources */ = {isa = PBXBuildFile; fileRef = 5102EDA51CC8985600F97A10 /* AddressModel.m */; };
		5102EDA81CC8A47100F97A10 /* JavaScriptCore.framework in Frameworks */ = {isa = PBXBuildFile; fileRef = 5102EDA71CC8A47100F97A10 /* JavaScriptCore.framework */; };
		5125F23A1CC797BE001CAD9A /* OrderStatusViewController.m in Sources */ = {isa = PBXBuildFile; fileRef = 5125F2391CC797BE001CAD9A /* OrderStatusViewController.m */; };
		512F05F11CBCD4750017A3D7 /* WLZ_ShoppingCarController.m in Sources */ = {isa = PBXBuildFile; fileRef = 512F05DC1CBCD4750017A3D7 /* WLZ_ShoppingCarController.m */; };
		512F05F21CBCD4750017A3D7 /* data.plist in Resources */ = {isa = PBXBuildFile; fileRef = 512F05DD1CBCD4750017A3D7 /* data.plist */; };
		512F05F31CBCD4750017A3D7 /* WLZ_CommodityModel.m in Sources */ = {isa = PBXBuildFile; fileRef = 512F05E01CBCD4750017A3D7 /* WLZ_CommodityModel.m */; };
		512F05F41CBCD4750017A3D7 /* WLZ_ShoppIngCarModel.m in Sources */ = {isa = PBXBuildFile; fileRef = 512F05E21CBCD4750017A3D7 /* WLZ_ShoppIngCarModel.m */; };
		512F05F51CBCD4760017A3D7 /* UIColor+WLZ_HexRGB.m in Sources */ = {isa = PBXBuildFile; fileRef = 512F05E41CBCD4750017A3D7 /* UIColor+WLZ_HexRGB.m */; };
		512F05F61CBCD4760017A3D7 /* WLZ_ChangeCountView.m in Sources */ = {isa = PBXBuildFile; fileRef = 512F05E71CBCD4750017A3D7 /* WLZ_ChangeCountView.m */; };
		512F05F81CBCD4760017A3D7 /* WLZ_ShoppingCarCell.m in Sources */ = {isa = PBXBuildFile; fileRef = 512F05EB1CBCD4750017A3D7 /* WLZ_ShoppingCarCell.m */; };
		512F05F91CBCD4760017A3D7 /* WLZ_ShoppingCartEndView.m in Sources */ = {isa = PBXBuildFile; fileRef = 512F05ED1CBCD4750017A3D7 /* WLZ_ShoppingCartEndView.m */; };
		512F05FA1CBCD4760017A3D7 /* WLZ_ShopViewModel.m in Sources */ = {isa = PBXBuildFile; fileRef = 512F05F01CBCD4750017A3D7 /* WLZ_ShopViewModel.m */; };
		512F064A1CBD0BDD0017A3D7 /* html.bundle in Resources */ = {isa = PBXBuildFile; fileRef = 512F06491CBD0BDD0017A3D7 /* html.bundle */; };
		512F072D1CBD4EB50017A3D7 /* CouponViewController.m in Sources */ = {isa = PBXBuildFile; fileRef = 512F072C1CBD4EB50017A3D7 /* CouponViewController.m */; };
		514C33D31CC9BACA0058F644 /* WebViewJSBridge.m in Sources */ = {isa = PBXBuildFile; fileRef = 514C33D01CC9BACA0058F644 /* WebViewJSBridge.m */; };
		514C33D41CC9BACA0058F644 /* WebViewJSBridge.js in Resources */ = {isa = PBXBuildFile; fileRef = 514C33D11CC9BACA0058F644 /* WebViewJSBridge.js */; };
		514C33D71CC9D2530058F644 /* ChangePasswordViewController.m in Sources */ = {isa = PBXBuildFile; fileRef = 514C33D61CC9D2530058F644 /* ChangePasswordViewController.m */; };
		51630BF51CBB491000915669 /* AddReceptionViewController.m in Sources */ = {isa = PBXBuildFile; fileRef = 51630BF41CBB491000915669 /* AddReceptionViewController.m */; };
		516FEF991CBB2C3000E9A980 /* ReceptionTableViewController.m in Sources */ = {isa = PBXBuildFile; fileRef = 516FEF981CBB2C3000E9A980 /* ReceptionTableViewController.m */; };
		516FEF9F1CBB310E00E9A980 /* ReceptionTableViewCell.m in Sources */ = {isa = PBXBuildFile; fileRef = 516FEF9E1CBB310E00E9A980 /* ReceptionTableViewCell.m */; };
		5182DB861CC85A63009869C7 /* web in Resources */ = {isa = PBXBuildFile; fileRef = 5182DB851CC85A63009869C7 /* web */; };
		519198641CBBA3B1006AD102 /* FeedBackViewController.m in Sources */ = {isa = PBXBuildFile; fileRef = 519198631CBBA3B1006AD102 /* FeedBackViewController.m */; };
		51AD6AE71CBCAEC300F548D5 /* ShoppingCartTableViewCell.m in Sources */ = {isa = PBXBuildFile; fileRef = 51AD6AE61CBCAEC300F548D5 /* ShoppingCartTableViewCell.m */; };
		51B54EA11CBDD94C00F0B5D4 /* UIButton+countDown.m in Sources */ = {isa = PBXBuildFile; fileRef = 51B54E9F1CBDD94C00F0B5D4 /* UIButton+countDown.m */; };
		51B54EA61CBE2DE500F0B5D4 /* Address.plist in Resources */ = {isa = PBXBuildFile; fileRef = 51B54EA31CBE2DE500F0B5D4 /* Address.plist */; };
		51B54EA71CBE2DE500F0B5D4 /* AddressPickView.m in Sources */ = {isa = PBXBuildFile; fileRef = 51B54EA51CBE2DE500F0B5D4 /* AddressPickView.m */; };
		51B54EAB1CBF19C700F0B5D4 /* UserManager.m in Sources */ = {isa = PBXBuildFile; fileRef = 51B54EAA1CBF19C700F0B5D4 /* UserManager.m */; };
		51B54EB11CBF4E2900F0B5D4 /* SearchViewController.m in Sources */ = {isa = PBXBuildFile; fileRef = 51B54EB01CBF4E2900F0B5D4 /* SearchViewController.m */; };
		51C1E1671CB66CAE0033F0FA /* main.m in Sources */ = {isa = PBXBuildFile; fileRef = 51C1E1661CB66CAE0033F0FA /* main.m */; };
		51C1E16A1CB66CAE0033F0FA /* AppDelegate.m in Sources */ = {isa = PBXBuildFile; fileRef = 51C1E1691CB66CAE0033F0FA /* AppDelegate.m */; };
		51C1E16D1CB66CAE0033F0FA /* ViewController.m in Sources */ = {isa = PBXBuildFile; fileRef = 51C1E16C1CB66CAE0033F0FA /* ViewController.m */; };
		51C1E1701CB66CAE0033F0FA /* Main.storyboard in Resources */ = {isa = PBXBuildFile; fileRef = 51C1E16E1CB66CAE0033F0FA /* Main.storyboard */; };
		51C1E1721CB66CAE0033F0FA /* Assets.xcassets in Resources */ = {isa = PBXBuildFile; fileRef = 51C1E1711CB66CAE0033F0FA /* Assets.xcassets */; };
		51C1E1751CB66CAE0033F0FA /* LaunchScreen.storyboard in Resources */ = {isa = PBXBuildFile; fileRef = 51C1E1731CB66CAE0033F0FA /* LaunchScreen.storyboard */; };
		51C1E1801CB66CAE0033F0FA /* LouYiHangZhouTests.m in Sources */ = {isa = PBXBuildFile; fileRef = 51C1E17F1CB66CAE0033F0FA /* LouYiHangZhouTests.m */; };
		51C1E18B1CB66CAE0033F0FA /* LouYiHangZhouUITests.m in Sources */ = {isa = PBXBuildFile; fileRef = 51C1E18A1CB66CAE0033F0FA /* LouYiHangZhouUITests.m */; };
		51C1E1BB1CB6969C0033F0FA /* NSString+MD5.m in Sources */ = {isa = PBXBuildFile; fileRef = 51C1E1AF1CB6969C0033F0FA /* NSString+MD5.m */; };
		51C1E1BC1CB6969C0033F0FA /* NSArray+Log.m in Sources */ = {isa = PBXBuildFile; fileRef = 51C1E1B21CB6969C0033F0FA /* NSArray+Log.m */; };
		51C1E1BD1CB6969C0033F0FA /* NSDictionary+Log.m in Sources */ = {isa = PBXBuildFile; fileRef = 51C1E1B41CB6969C0033F0FA /* NSDictionary+Log.m */; };
		51C1E1BE1CB6969C0033F0FA /* UIViewController+StoryboardFrom.m in Sources */ = {isa = PBXBuildFile; fileRef = 51C1E1B71CB6969C0033F0FA /* UIViewController+StoryboardFrom.m */; };
		51C1E1BF1CB6969C0033F0FA /* UIView+Extension.m in Sources */ = {isa = PBXBuildFile; fileRef = 51C1E1BA1CB6969C0033F0FA /* UIView+Extension.m */; };
		51C1E1C51CB731CB0033F0FA /* TabBarViewController.m in Sources */ = {isa = PBXBuildFile; fileRef = 51C1E1C31CB731CB0033F0FA /* TabBarViewController.m */; };
		51C1E1C81CB731D80033F0FA /* NavigationViewController.m in Sources */ = {isa = PBXBuildFile; fileRef = 51C1E1C61CB731D80033F0FA /* NavigationViewController.m */; };
		51C1E1CF1CB7346F0033F0FA /* UserImformationModel.m in Sources */ = {isa = PBXBuildFile; fileRef = 51C1E1CE1CB7346F0033F0FA /* UserImformationModel.m */; };
		51C1E1D31CB7362D0033F0FA /* BYSHttpTool.m in Sources */ = {isa = PBXBuildFile; fileRef = 51C1E1D21CB7362D0033F0FA /* BYSHttpTool.m */; };
		51C1E1D91CB73FCA0033F0FA /* HttpParameters.m in Sources */ = {isa = PBXBuildFile; fileRef = 51C1E1D81CB73FCA0033F0FA /* HttpParameters.m */; };
		51C1E1DC1CB751960033F0FA /* HomeViewController.m in Sources */ = {isa = PBXBuildFile; fileRef = 51C1E1DB1CB751960033F0FA /* HomeViewController.m */; };
		51C1E1DF1CB751AE0033F0FA /* ClassifyViewController.m in Sources */ = {isa = PBXBuildFile; fileRef = 51C1E1DE1CB751AE0033F0FA /* ClassifyViewController.m */; };
		51C1E1E21CB751C20033F0FA /* ProfileViewController.m in Sources */ = {isa = PBXBuildFile; fileRef = 51C1E1E11CB751C20033F0FA /* ProfileViewController.m */; };
		51C1E1E51CB751EA0033F0FA /* ShoppingCartViewController.m in Sources */ = {isa = PBXBuildFile; fileRef = 51C1E1E41CB751EA0033F0FA /* ShoppingCartViewController.m */; };
		51C1E1E81CB763D60033F0FA /* ProfileCollectionViewCell.m in Sources */ = {isa = PBXBuildFile; fileRef = 51C1E1E71CB763D60033F0FA /* ProfileCollectionViewCell.m */; };
		51C1E1EB1CB77C040033F0FA /* LogonVViewController.m in Sources */ = {isa = PBXBuildFile; fileRef = 51C1E1EA1CB77C040033F0FA /* LogonVViewController.m */; };
		51C1E1EE1CB78C3D0033F0FA /* RegisterViewController.m in Sources */ = {isa = PBXBuildFile; fileRef = 51C1E1ED1CB78C3D0033F0FA /* RegisterViewController.m */; };
		51C1E1F11CB7938B0033F0FA /* ProfileIMForViewController.m in Sources */ = {isa = PBXBuildFile; fileRef = 51C1E1F01CB7938B0033F0FA /* ProfileIMForViewController.m */; };
		51E23F911CBB50FD0094607F /* cancelBtn@2x.png in Resources */ = {isa = PBXBuildFile; fileRef = 51E23F801CBB50FD0094607F /* cancelBtn@2x.png */; };
		51E23F921CBB50FD0094607F /* citydict.plist in Resources */ = {isa = PBXBuildFile; fileRef = 51E23F811CBB50FD0094607F /* citydict.plist */; };
		51E23F931CBB50FD0094607F /* CityViewController.m in Sources */ = {isa = PBXBuildFile; fileRef = 51E23F841CBB50FD0094607F /* CityViewController.m */; };
		51E23F941CBB50FD0094607F /* ResultCityController.m in Sources */ = {isa = PBXBuildFile; fileRef = 51E23F861CBB50FD0094607F /* ResultCityController.m */; };
		51E23F951CBB50FD0094607F /* CityModel.m in Sources */ = {isa = PBXBuildFile; fileRef = 51E23F891CBB50FD0094607F /* CityModel.m */; };
		51E23F961CBB50FD0094607F /* CityTableViewCell.m in Sources */ = {isa = PBXBuildFile; fileRef = 51E23F8C1CBB50FD0094607F /* CityTableViewCell.m */; };
		51E23F971CBB50FD0094607F /* CustomSearchView.m in Sources */ = {isa = PBXBuildFile; fileRef = 51E23F8E1CBB50FD0094607F /* CustomSearchView.m */; };
		51E23F981CBB50FD0094607F /* CustomTopView.m in Sources */ = {isa = PBXBuildFile; fileRef = 51E23F901CBB50FD0094607F /* CustomTopView.m */; };
		51E23F9B1CBB671C0094607F /* SettingTableViewController.m in Sources */ = {isa = PBXBuildFile; fileRef = 51E23F9A1CBB671C0094607F /* SettingTableViewController.m */; };
		51E23F9E1CBB732B0094607F /* CollectTableViewController.m in Sources */ = {isa = PBXBuildFile; fileRef = 51E23F9D1CBB732B0094607F /* CollectTableViewController.m */; };
		51E23FA11CBB7ABE0094607F /* CollectTableViewCell.m in Sources */ = {isa = PBXBuildFile; fileRef = 51E23FA01CBB7ABE0094607F /* CollectTableViewCell.m */; };
		51E23FA41CBB84110094607F /* MessageTableViewController.m in Sources */ = {isa = PBXBuildFile; fileRef = 51E23FA31CBB84110094607F /* MessageTableViewController.m */; };
		51E23FA71CBB85A20094607F /* MessageTableViewCell.m in Sources */ = {isa = PBXBuildFile; fileRef = 51E23FA61CBB85A20094607F /* MessageTableViewCell.m */; };
		51F469531CB8B35000534FAE /* ForgotPassWViewController.m in Sources */ = {isa = PBXBuildFile; fileRef = 51F469521CB8B35000534FAE /* ForgotPassWViewController.m */; };
/* End PBXBuildFile section */

/* Begin PBXContainerItemProxy section */
		51C1E17C1CB66CAE0033F0FA /* PBXContainerItemProxy */ = {
			isa = PBXContainerItemProxy;
			containerPortal = 51C1E15A1CB66CAE0033F0FA /* Project object */;
			proxyType = 1;
			remoteGlobalIDString = 51C1E1611CB66CAE0033F0FA;
			remoteInfo = LouYiHangZhou;
		};
		51C1E1871CB66CAE0033F0FA /* PBXContainerItemProxy */ = {
			isa = PBXContainerItemProxy;
			containerPortal = 51C1E15A1CB66CAE0033F0FA /* Project object */;
			proxyType = 1;
			remoteGlobalIDString = 51C1E1611CB66CAE0033F0FA;
			remoteInfo = LouYiHangZhou;
		};
/* End PBXContainerItemProxy section */

/* Begin PBXFileReference section */
		5102EDA41CC8985600F97A10 /* AddressModel.h */ = {isa = PBXFileReference; fileEncoding = 4; lastKnownFileType = sourcecode.c.h; path = AddressModel.h; sourceTree = "<group>"; };
		5102EDA51CC8985600F97A10 /* AddressModel.m */ = {isa = PBXFileReference; fileEncoding = 4; lastKnownFileType = sourcecode.c.objc; path = AddressModel.m; sourceTree = "<group>"; };
		5102EDA71CC8A47100F97A10 /* JavaScriptCore.framework */ = {isa = PBXFileReference; lastKnownFileType = wrapper.framework; name = JavaScriptCore.framework; path = System/Library/Frameworks/JavaScriptCore.framework; sourceTree = SDKROOT; };
		5125F2381CC797BE001CAD9A /* OrderStatusViewController.h */ = {isa = PBXFileReference; fileEncoding = 4; lastKnownFileType = sourcecode.c.h; path = OrderStatusViewController.h; sourceTree = "<group>"; };
		5125F2391CC797BE001CAD9A /* OrderStatusViewController.m */ = {isa = PBXFileReference; fileEncoding = 4; lastKnownFileType = sourcecode.c.objc; path = OrderStatusViewController.m; sourceTree = "<group>"; };
		512F05DB1CBCD4750017A3D7 /* WLZ_ShoppingCarController.h */ = {isa = PBXFileReference; fileEncoding = 4; lastKnownFileType = sourcecode.c.h; path = WLZ_ShoppingCarController.h; sourceTree = "<group>"; };
		512F05DC1CBCD4750017A3D7 /* WLZ_ShoppingCarController.m */ = {isa = PBXFileReference; fileEncoding = 4; lastKnownFileType = sourcecode.c.objc; path = WLZ_ShoppingCarController.m; sourceTree = "<group>"; };
		512F05DD1CBCD4750017A3D7 /* data.plist */ = {isa = PBXFileReference; fileEncoding = 4; lastKnownFileType = text.plist.xml; path = data.plist; sourceTree = "<group>"; };
		512F05DF1CBCD4750017A3D7 /* WLZ_CommodityModel.h */ = {isa = PBXFileReference; fileEncoding = 4; lastKnownFileType = sourcecode.c.h; path = WLZ_CommodityModel.h; sourceTree = "<group>"; };
		512F05E01CBCD4750017A3D7 /* WLZ_CommodityModel.m */ = {isa = PBXFileReference; fileEncoding = 4; lastKnownFileType = sourcecode.c.objc; path = WLZ_CommodityModel.m; sourceTree = "<group>"; };
		512F05E11CBCD4750017A3D7 /* WLZ_ShoppIngCarModel.h */ = {isa = PBXFileReference; fileEncoding = 4; lastKnownFileType = sourcecode.c.h; path = WLZ_ShoppIngCarModel.h; sourceTree = "<group>"; };
		512F05E21CBCD4750017A3D7 /* WLZ_ShoppIngCarModel.m */ = {isa = PBXFileReference; fileEncoding = 4; lastKnownFileType = sourcecode.c.objc; path = WLZ_ShoppIngCarModel.m; sourceTree = "<group>"; };
		512F05E31CBCD4750017A3D7 /* UIColor+WLZ_HexRGB.h */ = {isa = PBXFileReference; fileEncoding = 4; lastKnownFileType = sourcecode.c.h; path = "UIColor+WLZ_HexRGB.h"; sourceTree = "<group>"; };
		512F05E41CBCD4750017A3D7 /* UIColor+WLZ_HexRGB.m */ = {isa = PBXFileReference; fileEncoding = 4; lastKnownFileType = sourcecode.c.objc; path = "UIColor+WLZ_HexRGB.m"; sourceTree = "<group>"; };
		512F05E61CBCD4750017A3D7 /* WLZ_ChangeCountView.h */ = {isa = PBXFileReference; fileEncoding = 4; lastKnownFileType = sourcecode.c.h; path = WLZ_ChangeCountView.h; sourceTree = "<group>"; };
		512F05E71CBCD4750017A3D7 /* WLZ_ChangeCountView.m */ = {isa = PBXFileReference; fileEncoding = 4; lastKnownFileType = sourcecode.c.objc; path = WLZ_ChangeCountView.m; sourceTree = "<group>"; };
		512F05EA1CBCD4750017A3D7 /* WLZ_ShoppingCarCell.h */ = {isa = PBXFileReference; fileEncoding = 4; lastKnownFileType = sourcecode.c.h; path = WLZ_ShoppingCarCell.h; sourceTree = "<group>"; };
		512F05EB1CBCD4750017A3D7 /* WLZ_ShoppingCarCell.m */ = {isa = PBXFileReference; fileEncoding = 4; lastKnownFileType = sourcecode.c.objc; path = WLZ_ShoppingCarCell.m; sourceTree = "<group>"; };
		512F05EC1CBCD4750017A3D7 /* WLZ_ShoppingCartEndView.h */ = {isa = PBXFileReference; fileEncoding = 4; lastKnownFileType = sourcecode.c.h; path = WLZ_ShoppingCartEndView.h; sourceTree = "<group>"; };
		512F05ED1CBCD4750017A3D7 /* WLZ_ShoppingCartEndView.m */ = {isa = PBXFileReference; fileEncoding = 4; lastKnownFileType = sourcecode.c.objc; path = WLZ_ShoppingCartEndView.m; sourceTree = "<group>"; };
		512F05EF1CBCD4750017A3D7 /* WLZ_ShopViewModel.h */ = {isa = PBXFileReference; fileEncoding = 4; lastKnownFileType = sourcecode.c.h; path = WLZ_ShopViewModel.h; sourceTree = "<group>"; };
		512F05F01CBCD4750017A3D7 /* WLZ_ShopViewModel.m */ = {isa = PBXFileReference; fileEncoding = 4; lastKnownFileType = sourcecode.c.objc; path = WLZ_ShopViewModel.m; sourceTree = "<group>"; };
		512F06491CBD0BDD0017A3D7 /* html.bundle */ = {isa = PBXFileReference; lastKnownFileType = "wrapper.plug-in"; path = html.bundle; sourceTree = "<group>"; };
		512F072B1CBD4EB50017A3D7 /* CouponViewController.h */ = {isa = PBXFileReference; fileEncoding = 4; lastKnownFileType = sourcecode.c.h; path = CouponViewController.h; sourceTree = "<group>"; };
		512F072C1CBD4EB50017A3D7 /* CouponViewController.m */ = {isa = PBXFileReference; fileEncoding = 4; lastKnownFileType = sourcecode.c.objc; path = CouponViewController.m; sourceTree = "<group>"; };
		514C33D01CC9BACA0058F644 /* WebViewJSBridge.m */ = {isa = PBXFileReference; fileEncoding = 4; lastKnownFileType = sourcecode.c.objc; path = WebViewJSBridge.m; sourceTree = "<group>"; };
		514C33D11CC9BACA0058F644 /* WebViewJSBridge.js */ = {isa = PBXFileReference; fileEncoding = 4; lastKnownFileType = sourcecode.javascript; path = WebViewJSBridge.js; sourceTree = "<group>"; };
		514C33D21CC9BACA0058F644 /* WebViewJSBridge.h */ = {isa = PBXFileReference; fileEncoding = 4; lastKnownFileType = sourcecode.c.h; path = WebViewJSBridge.h; sourceTree = "<group>"; };
		514C33D51CC9D2530058F644 /* ChangePasswordViewController.h */ = {isa = PBXFileReference; fileEncoding = 4; lastKnownFileType = sourcecode.c.h; path = ChangePasswordViewController.h; sourceTree = "<group>"; };
		514C33D61CC9D2530058F644 /* ChangePasswordViewController.m */ = {isa = PBXFileReference; fileEncoding = 4; lastKnownFileType = sourcecode.c.objc; path = ChangePasswordViewController.m; sourceTree = "<group>"; };
		51630BF31CBB491000915669 /* AddReceptionViewController.h */ = {isa = PBXFileReference; fileEncoding = 4; lastKnownFileType = sourcecode.c.h; path = AddReceptionViewController.h; sourceTree = "<group>"; };
		51630BF41CBB491000915669 /* AddReceptionViewController.m */ = {isa = PBXFileReference; fileEncoding = 4; lastKnownFileType = sourcecode.c.objc; path = AddReceptionViewController.m; sourceTree = "<group>"; };
		516FEF971CBB2C3000E9A980 /* ReceptionTableViewController.h */ = {isa = PBXFileReference; fileEncoding = 4; lastKnownFileType = sourcecode.c.h; path = ReceptionTableViewController.h; sourceTree = "<group>"; };
		516FEF981CBB2C3000E9A980 /* ReceptionTableViewController.m */ = {isa = PBXFileReference; fileEncoding = 4; lastKnownFileType = sourcecode.c.objc; path = ReceptionTableViewController.m; sourceTree = "<group>"; };
		516FEF9D1CBB310E00E9A980 /* ReceptionTableViewCell.h */ = {isa = PBXFileReference; fileEncoding = 4; lastKnownFileType = sourcecode.c.h; path = ReceptionTableViewCell.h; sourceTree = "<group>"; };
		516FEF9E1CBB310E00E9A980 /* ReceptionTableViewCell.m */ = {isa = PBXFileReference; fileEncoding = 4; lastKnownFileType = sourcecode.c.objc; path = ReceptionTableViewCell.m; sourceTree = "<group>"; };
		5182DB851CC85A63009869C7 /* web */ = {isa = PBXFileReference; lastKnownFileType = folder; path = web; sourceTree = "<group>"; };
		519198621CBBA3B1006AD102 /* FeedBackViewController.h */ = {isa = PBXFileReference; fileEncoding = 4; lastKnownFileType = sourcecode.c.h; path = FeedBackViewController.h; sourceTree = "<group>"; };
		519198631CBBA3B1006AD102 /* FeedBackViewController.m */ = {isa = PBXFileReference; fileEncoding = 4; lastKnownFileType = sourcecode.c.objc; path = FeedBackViewController.m; sourceTree = "<group>"; };
		51AD6AE51CBCAEC300F548D5 /* ShoppingCartTableViewCell.h */ = {isa = PBXFileReference; fileEncoding = 4; lastKnownFileType = sourcecode.c.h; path = ShoppingCartTableViewCell.h; sourceTree = "<group>"; };
		51AD6AE61CBCAEC300F548D5 /* ShoppingCartTableViewCell.m */ = {isa = PBXFileReference; fileEncoding = 4; lastKnownFileType = sourcecode.c.objc; path = ShoppingCartTableViewCell.m; sourceTree = "<group>"; };
		51B54E9F1CBDD94C00F0B5D4 /* UIButton+countDown.m */ = {isa = PBXFileReference; fileEncoding = 4; lastKnownFileType = sourcecode.c.objc; path = "UIButton+countDown.m"; sourceTree = "<group>"; };
		51B54EA01CBDD94C00F0B5D4 /* UIButton+countDown.h */ = {isa = PBXFileReference; fileEncoding = 4; lastKnownFileType = sourcecode.c.h; path = "UIButton+countDown.h"; sourceTree = "<group>"; };
		51B54EA31CBE2DE500F0B5D4 /* Address.plist */ = {isa = PBXFileReference; fileEncoding = 4; lastKnownFileType = text.plist.xml; path = Address.plist; sourceTree = "<group>"; };
		51B54EA41CBE2DE500F0B5D4 /* AddressPickView.h */ = {isa = PBXFileReference; fileEncoding = 4; lastKnownFileType = sourcecode.c.h; path = AddressPickView.h; sourceTree = "<group>"; };
		51B54EA51CBE2DE500F0B5D4 /* AddressPickView.m */ = {isa = PBXFileReference; fileEncoding = 4; lastKnownFileType = sourcecode.c.objc; path = AddressPickView.m; sourceTree = "<group>"; };
		51B54EA91CBF19C700F0B5D4 /* UserManager.h */ = {isa = PBXFileReference; fileEncoding = 4; lastKnownFileType = sourcecode.c.h; path = UserManager.h; sourceTree = "<group>"; };
		51B54EAA1CBF19C700F0B5D4 /* UserManager.m */ = {isa = PBXFileReference; fileEncoding = 4; lastKnownFileType = sourcecode.c.objc; path = UserManager.m; sourceTree = "<group>"; };
		51B54EAF1CBF4E2900F0B5D4 /* SearchViewController.h */ = {isa = PBXFileReference; fileEncoding = 4; lastKnownFileType = sourcecode.c.h; path = SearchViewController.h; sourceTree = "<group>"; };
		51B54EB01CBF4E2900F0B5D4 /* SearchViewController.m */ = {isa = PBXFileReference; fileEncoding = 4; lastKnownFileType = sourcecode.c.objc; path = SearchViewController.m; sourceTree = "<group>"; };
		51C1E1621CB66CAE0033F0FA /* LouYiHangZhou.app */ = {isa = PBXFileReference; explicitFileType = wrapper.application; includeInIndex = 0; path = LouYiHangZhou.app; sourceTree = BUILT_PRODUCTS_DIR; };
		51C1E1661CB66CAE0033F0FA /* main.m */ = {isa = PBXFileReference; lastKnownFileType = sourcecode.c.objc; path = main.m; sourceTree = "<group>"; };
		51C1E1681CB66CAE0033F0FA /* AppDelegate.h */ = {isa = PBXFileReference; lastKnownFileType = sourcecode.c.h; path = AppDelegate.h; sourceTree = "<group>"; };
		51C1E1691CB66CAE0033F0FA /* AppDelegate.m */ = {isa = PBXFileReference; lastKnownFileType = sourcecode.c.objc; path = AppDelegate.m; sourceTree = "<group>"; };
		51C1E16B1CB66CAE0033F0FA /* ViewController.h */ = {isa = PBXFileReference; lastKnownFileType = sourcecode.c.h; path = ViewController.h; sourceTree = "<group>"; };
		51C1E16C1CB66CAE0033F0FA /* ViewController.m */ = {isa = PBXFileReference; lastKnownFileType = sourcecode.c.objc; path = ViewController.m; sourceTree = "<group>"; };
		51C1E16F1CB66CAE0033F0FA /* Base */ = {isa = PBXFileReference; lastKnownFileType = file.storyboard; name = Base; path = Base.lproj/Main.storyboard; sourceTree = "<group>"; };
		51C1E1711CB66CAE0033F0FA /* Assets.xcassets */ = {isa = PBXFileReference; lastKnownFileType = folder.assetcatalog; path = Assets.xcassets; sourceTree = "<group>"; };
		51C1E1741CB66CAE0033F0FA /* Base */ = {isa = PBXFileReference; lastKnownFileType = file.storyboard; name = Base; path = Base.lproj/LaunchScreen.storyboard; sourceTree = "<group>"; };
		51C1E1761CB66CAE0033F0FA /* Info.plist */ = {isa = PBXFileReference; lastKnownFileType = text.plist.xml; path = Info.plist; sourceTree = "<group>"; };
		51C1E17B1CB66CAE0033F0FA /* LouYiHangZhouTests.xctest */ = {isa = PBXFileReference; explicitFileType = wrapper.cfbundle; includeInIndex = 0; path = LouYiHangZhouTests.xctest; sourceTree = BUILT_PRODUCTS_DIR; };
		51C1E17F1CB66CAE0033F0FA /* LouYiHangZhouTests.m */ = {isa = PBXFileReference; lastKnownFileType = sourcecode.c.objc; path = LouYiHangZhouTests.m; sourceTree = "<group>"; };
		51C1E1811CB66CAE0033F0FA /* Info.plist */ = {isa = PBXFileReference; lastKnownFileType = text.plist.xml; path = Info.plist; sourceTree = "<group>"; };
		51C1E1861CB66CAE0033F0FA /* LouYiHangZhouUITests.xctest */ = {isa = PBXFileReference; explicitFileType = wrapper.cfbundle; includeInIndex = 0; path = LouYiHangZhouUITests.xctest; sourceTree = BUILT_PRODUCTS_DIR; };
		51C1E18A1CB66CAE0033F0FA /* LouYiHangZhouUITests.m */ = {isa = PBXFileReference; lastKnownFileType = sourcecode.c.objc; path = LouYiHangZhouUITests.m; sourceTree = "<group>"; };
		51C1E18C1CB66CAE0033F0FA /* Info.plist */ = {isa = PBXFileReference; lastKnownFileType = text.plist.xml; path = Info.plist; sourceTree = "<group>"; };
		51C1E1AE1CB6969C0033F0FA /* NSString+MD5.h */ = {isa = PBXFileReference; fileEncoding = 4; lastKnownFileType = sourcecode.c.h; path = "NSString+MD5.h"; sourceTree = "<group>"; };
		51C1E1AF1CB6969C0033F0FA /* NSString+MD5.m */ = {isa = PBXFileReference; fileEncoding = 4; lastKnownFileType = sourcecode.c.objc; path = "NSString+MD5.m"; sourceTree = "<group>"; };
		51C1E1B11CB6969C0033F0FA /* NSArray+Log.h */ = {isa = PBXFileReference; fileEncoding = 4; lastKnownFileType = sourcecode.c.h; path = "NSArray+Log.h"; sourceTree = "<group>"; };
		51C1E1B21CB6969C0033F0FA /* NSArray+Log.m */ = {isa = PBXFileReference; fileEncoding = 4; lastKnownFileType = sourcecode.c.objc; path = "NSArray+Log.m"; sourceTree = "<group>"; };
		51C1E1B31CB6969C0033F0FA /* NSDictionary+Log.h */ = {isa = PBXFileReference; fileEncoding = 4; lastKnownFileType = sourcecode.c.h; path = "NSDictionary+Log.h"; sourceTree = "<group>"; };
		51C1E1B41CB6969C0033F0FA /* NSDictionary+Log.m */ = {isa = PBXFileReference; fileEncoding = 4; lastKnownFileType = sourcecode.c.objc; path = "NSDictionary+Log.m"; sourceTree = "<group>"; };
		51C1E1B61CB6969C0033F0FA /* UIViewController+StoryboardFrom.h */ = {isa = PBXFileReference; fileEncoding = 4; lastKnownFileType = sourcecode.c.h; path = "UIViewController+StoryboardFrom.h"; sourceTree = "<group>"; };
		51C1E1B71CB6969C0033F0FA /* UIViewController+StoryboardFrom.m */ = {isa = PBXFileReference; fileEncoding = 4; lastKnownFileType = sourcecode.c.objc; path = "UIViewController+StoryboardFrom.m"; sourceTree = "<group>"; };
		51C1E1B91CB6969C0033F0FA /* UIView+Extension.h */ = {isa = PBXFileReference; fileEncoding = 4; lastKnownFileType = sourcecode.c.h; path = "UIView+Extension.h"; sourceTree = "<group>"; };
		51C1E1BA1CB6969C0033F0FA /* UIView+Extension.m */ = {isa = PBXFileReference; fileEncoding = 4; lastKnownFileType = sourcecode.c.objc; path = "UIView+Extension.m"; sourceTree = "<group>"; };
		51C1E1C31CB731CB0033F0FA /* TabBarViewController.m */ = {isa = PBXFileReference; fileEncoding = 4; lastKnownFileType = sourcecode.c.objc; path = TabBarViewController.m; sourceTree = "<group>"; };
		51C1E1C41CB731CB0033F0FA /* TabBarViewController.h */ = {isa = PBXFileReference; fileEncoding = 4; lastKnownFileType = sourcecode.c.h; path = TabBarViewController.h; sourceTree = "<group>"; };
		51C1E1C61CB731D80033F0FA /* NavigationViewController.m */ = {isa = PBXFileReference; fileEncoding = 4; lastKnownFileType = sourcecode.c.objc; path = NavigationViewController.m; sourceTree = "<group>"; };
		51C1E1C71CB731D80033F0FA /* NavigationViewController.h */ = {isa = PBXFileReference; fileEncoding = 4; lastKnownFileType = sourcecode.c.h; path = NavigationViewController.h; sourceTree = "<group>"; };
		51C1E1CD1CB7346F0033F0FA /* UserImformationModel.h */ = {isa = PBXFileReference; fileEncoding = 4; lastKnownFileType = sourcecode.c.h; path = UserImformationModel.h; sourceTree = "<group>"; };
		51C1E1CE1CB7346F0033F0FA /* UserImformationModel.m */ = {isa = PBXFileReference; fileEncoding = 4; lastKnownFileType = sourcecode.c.objc; path = UserImformationModel.m; sourceTree = "<group>"; };
		51C1E1D11CB7362D0033F0FA /* BYSHttpTool.h */ = {isa = PBXFileReference; fileEncoding = 4; lastKnownFileType = sourcecode.c.h; path = BYSHttpTool.h; sourceTree = "<group>"; };
		51C1E1D21CB7362D0033F0FA /* BYSHttpTool.m */ = {isa = PBXFileReference; fileEncoding = 4; lastKnownFileType = sourcecode.c.objc; path = BYSHttpTool.m; sourceTree = "<group>"; };
		51C1E1D51CB73D0B0033F0FA /* MacroDefinition.h */ = {isa = PBXFileReference; fileEncoding = 4; lastKnownFileType = sourcecode.c.h; name = MacroDefinition.h; path = "32位md5加密出16位/MacroDefinition.h"; sourceTree = "<group>"; };
		51C1E1D71CB73FCA0033F0FA /* HttpParameters.h */ = {isa = PBXFileReference; fileEncoding = 4; lastKnownFileType = sourcecode.c.h; path = HttpParameters.h; sourceTree = "<group>"; };
		51C1E1D81CB73FCA0033F0FA /* HttpParameters.m */ = {isa = PBXFileReference; fileEncoding = 4; lastKnownFileType = sourcecode.c.objc; path = HttpParameters.m; sourceTree = "<group>"; };
		51C1E1DA1CB751960033F0FA /* HomeViewController.h */ = {isa = PBXFileReference; fileEncoding = 4; lastKnownFileType = sourcecode.c.h; path = HomeViewController.h; sourceTree = "<group>"; };
		51C1E1DB1CB751960033F0FA /* HomeViewController.m */ = {isa = PBXFileReference; fileEncoding = 4; lastKnownFileType = sourcecode.c.objc; path = HomeViewController.m; sourceTree = "<group>"; };
		51C1E1DD1CB751AE0033F0FA /* ClassifyViewController.h */ = {isa = PBXFileReference; fileEncoding = 4; lastKnownFileType = sourcecode.c.h; path = ClassifyViewController.h; sourceTree = "<group>"; };
		51C1E1DE1CB751AE0033F0FA /* ClassifyViewController.m */ = {isa = PBXFileReference; fileEncoding = 4; lastKnownFileType = sourcecode.c.objc; path = ClassifyViewController.m; sourceTree = "<group>"; };
		51C1E1E01CB751C20033F0FA /* ProfileViewController.h */ = {isa = PBXFileReference; fileEncoding = 4; lastKnownFileType = sourcecode.c.h; name = ProfileViewController.h; path = ../../Classify/ViewController/ProfileViewController.h; sourceTree = "<group>"; };
		51C1E1E11CB751C20033F0FA /* ProfileViewController.m */ = {isa = PBXFileReference; fileEncoding = 4; lastKnownFileType = sourcecode.c.objc; name = ProfileViewController.m; path = ../../Classify/ViewController/ProfileViewController.m; sourceTree = "<group>"; };
		51C1E1E31CB751EA0033F0FA /* ShoppingCartViewController.h */ = {isa = PBXFileReference; fileEncoding = 4; lastKnownFileType = sourcecode.c.h; path = ShoppingCartViewController.h; sourceTree = "<group>"; };
		51C1E1E41CB751EA0033F0FA /* ShoppingCartViewController.m */ = {isa = PBXFileReference; fileEncoding = 4; lastKnownFileType = sourcecode.c.objc; path = ShoppingCartViewController.m; sourceTree = "<group>"; };
		51C1E1E61CB763D50033F0FA /* ProfileCollectionViewCell.h */ = {isa = PBXFileReference; fileEncoding = 4; lastKnownFileType = sourcecode.c.h; path = ProfileCollectionViewCell.h; sourceTree = "<group>"; };
		51C1E1E71CB763D60033F0FA /* ProfileCollectionViewCell.m */ = {isa = PBXFileReference; fileEncoding = 4; lastKnownFileType = sourcecode.c.objc; path = ProfileCollectionViewCell.m; sourceTree = "<group>"; };
		51C1E1E91CB77C040033F0FA /* LogonVViewController.h */ = {isa = PBXFileReference; fileEncoding = 4; lastKnownFileType = sourcecode.c.h; path = LogonVViewController.h; sourceTree = "<group>"; };
		51C1E1EA1CB77C040033F0FA /* LogonVViewController.m */ = {isa = PBXFileReference; fileEncoding = 4; lastKnownFileType = sourcecode.c.objc; path = LogonVViewController.m; sourceTree = "<group>"; };
		51C1E1EC1CB78C3D0033F0FA /* RegisterViewController.h */ = {isa = PBXFileReference; fileEncoding = 4; lastKnownFileType = sourcecode.c.h; path = RegisterViewController.h; sourceTree = "<group>"; };
		51C1E1ED1CB78C3D0033F0FA /* RegisterViewController.m */ = {isa = PBXFileReference; fileEncoding = 4; lastKnownFileType = sourcecode.c.objc; path = RegisterViewController.m; sourceTree = "<group>"; };
		51C1E1EF1CB7938B0033F0FA /* ProfileIMForViewController.h */ = {isa = PBXFileReference; fileEncoding = 4; lastKnownFileType = sourcecode.c.h; path = ProfileIMForViewController.h; sourceTree = "<group>"; };
		51C1E1F01CB7938B0033F0FA /* ProfileIMForViewController.m */ = {isa = PBXFileReference; fileEncoding = 4; lastKnownFileType = sourcecode.c.objc; path = ProfileIMForViewController.m; sourceTree = "<group>"; };
		51E23F801CBB50FD0094607F /* cancelBtn@2x.png */ = {isa = PBXFileReference; lastKnownFileType = image.png; path = "cancelBtn@2x.png"; sourceTree = "<group>"; };
		51E23F811CBB50FD0094607F /* citydict.plist */ = {isa = PBXFileReference; fileEncoding = 4; lastKnownFileType = text.plist.xml; path = citydict.plist; sourceTree = "<group>"; };
		51E23F831CBB50FD0094607F /* CityViewController.h */ = {isa = PBXFileReference; fileEncoding = 4; lastKnownFileType = sourcecode.c.h; path = CityViewController.h; sourceTree = "<group>"; };
		51E23F841CBB50FD0094607F /* CityViewController.m */ = {isa = PBXFileReference; fileEncoding = 4; lastKnownFileType = sourcecode.c.objc; path = CityViewController.m; sourceTree = "<group>"; };
		51E23F851CBB50FD0094607F /* ResultCityController.h */ = {isa = PBXFileReference; fileEncoding = 4; lastKnownFileType = sourcecode.c.h; path = ResultCityController.h; sourceTree = "<group>"; };
		51E23F861CBB50FD0094607F /* ResultCityController.m */ = {isa = PBXFileReference; fileEncoding = 4; lastKnownFileType = sourcecode.c.objc; path = ResultCityController.m; sourceTree = "<group>"; };
		51E23F881CBB50FD0094607F /* CityModel.h */ = {isa = PBXFileReference; fileEncoding = 4; lastKnownFileType = sourcecode.c.h; path = CityModel.h; sourceTree = "<group>"; };
		51E23F891CBB50FD0094607F /* CityModel.m */ = {isa = PBXFileReference; fileEncoding = 4; lastKnownFileType = sourcecode.c.objc; path = CityModel.m; sourceTree = "<group>"; };
		51E23F8B1CBB50FD0094607F /* CityTableViewCell.h */ = {isa = PBXFileReference; fileEncoding = 4; lastKnownFileType = sourcecode.c.h; path = CityTableViewCell.h; sourceTree = "<group>"; };
		51E23F8C1CBB50FD0094607F /* CityTableViewCell.m */ = {isa = PBXFileReference; fileEncoding = 4; lastKnownFileType = sourcecode.c.objc; path = CityTableViewCell.m; sourceTree = "<group>"; };
		51E23F8D1CBB50FD0094607F /* CustomSearchView.h */ = {isa = PBXFileReference; fileEncoding = 4; lastKnownFileType = sourcecode.c.h; path = CustomSearchView.h; sourceTree = "<group>"; };
		51E23F8E1CBB50FD0094607F /* CustomSearchView.m */ = {isa = PBXFileReference; fileEncoding = 4; lastKnownFileType = sourcecode.c.objc; path = CustomSearchView.m; sourceTree = "<group>"; };
		51E23F8F1CBB50FD0094607F /* CustomTopView.h */ = {isa = PBXFileReference; fileEncoding = 4; lastKnownFileType = sourcecode.c.h; path = CustomTopView.h; sourceTree = "<group>"; };
		51E23F901CBB50FD0094607F /* CustomTopView.m */ = {isa = PBXFileReference; fileEncoding = 4; lastKnownFileType = sourcecode.c.objc; path = CustomTopView.m; sourceTree = "<group>"; };
		51E23F991CBB671C0094607F /* SettingTableViewController.h */ = {isa = PBXFileReference; fileEncoding = 4; lastKnownFileType = sourcecode.c.h; path = SettingTableViewController.h; sourceTree = "<group>"; };
		51E23F9A1CBB671C0094607F /* SettingTableViewController.m */ = {isa = PBXFileReference; fileEncoding = 4; lastKnownFileType = sourcecode.c.objc; path = SettingTableViewController.m; sourceTree = "<group>"; };
		51E23F9C1CBB732B0094607F /* CollectTableViewController.h */ = {isa = PBXFileReference; fileEncoding = 4; lastKnownFileType = sourcecode.c.h; path = CollectTableViewController.h; sourceTree = "<group>"; };
		51E23F9D1CBB732B0094607F /* CollectTableViewController.m */ = {isa = PBXFileReference; fileEncoding = 4; lastKnownFileType = sourcecode.c.objc; path = CollectTableViewController.m; sourceTree = "<group>"; };
		51E23F9F1CBB7ABE0094607F /* CollectTableViewCell.h */ = {isa = PBXFileReference; fileEncoding = 4; lastKnownFileType = sourcecode.c.h; path = CollectTableViewCell.h; sourceTree = "<group>"; };
		51E23FA01CBB7ABE0094607F /* CollectTableViewCell.m */ = {isa = PBXFileReference; fileEncoding = 4; lastKnownFileType = sourcecode.c.objc; path = CollectTableViewCell.m; sourceTree = "<group>"; };
		51E23FA21CBB84110094607F /* MessageTableViewController.h */ = {isa = PBXFileReference; fileEncoding = 4; lastKnownFileType = sourcecode.c.h; path = MessageTableViewController.h; sourceTree = "<group>"; };
		51E23FA31CBB84110094607F /* MessageTableViewController.m */ = {isa = PBXFileReference; fileEncoding = 4; lastKnownFileType = sourcecode.c.objc; path = MessageTableViewController.m; sourceTree = "<group>"; };
		51E23FA51CBB85A20094607F /* MessageTableViewCell.h */ = {isa = PBXFileReference; fileEncoding = 4; lastKnownFileType = sourcecode.c.h; path = MessageTableViewCell.h; sourceTree = "<group>"; };
		51E23FA61CBB85A20094607F /* MessageTableViewCell.m */ = {isa = PBXFileReference; fileEncoding = 4; lastKnownFileType = sourcecode.c.objc; path = MessageTableViewCell.m; sourceTree = "<group>"; };
		51F469511CB8B35000534FAE /* ForgotPassWViewController.h */ = {isa = PBXFileReference; fileEncoding = 4; lastKnownFileType = sourcecode.c.h; path = ForgotPassWViewController.h; sourceTree = "<group>"; };
		51F469521CB8B35000534FAE /* ForgotPassWViewController.m */ = {isa = PBXFileReference; fileEncoding = 4; lastKnownFileType = sourcecode.c.objc; path = ForgotPassWViewController.m; sourceTree = "<group>"; };
		DB3ED9E112990A225511548B /* Pods.debug.xcconfig */ = {isa = PBXFileReference; includeInIndex = 1; lastKnownFileType = text.xcconfig; name = Pods.debug.xcconfig; path = "Pods/Target Support Files/Pods/Pods.debug.xcconfig"; sourceTree = "<group>"; };
		E715E4B03A7993FD44B7C8A7 /* libPods.a */ = {isa = PBXFileReference; explicitFileType = archive.ar; includeInIndex = 0; path = libPods.a; sourceTree = BUILT_PRODUCTS_DIR; };
		F52B20ADD99EBDBA6AFA93AE /* Pods.release.xcconfig */ = {isa = PBXFileReference; includeInIndex = 1; lastKnownFileType = text.xcconfig; name = Pods.release.xcconfig; path = "Pods/Target Support Files/Pods/Pods.release.xcconfig"; sourceTree = "<group>"; };
/* End PBXFileReference section */

/* Begin PBXFrameworksBuildPhase section */
		51C1E15F1CB66CAE0033F0FA /* Frameworks */ = {
			isa = PBXFrameworksBuildPhase;
			buildActionMask = 2147483647;
			files = (
				5102EDA81CC8A47100F97A10 /* JavaScriptCore.framework in Frameworks */,
				3EF219FD36AD648384835660 /* libPods.a in Frameworks */,
			);
			runOnlyForDeploymentPostprocessing = 0;
		};
		51C1E1781CB66CAE0033F0FA /* Frameworks */ = {
			isa = PBXFrameworksBuildPhase;
			buildActionMask = 2147483647;
			files = (
			);
			runOnlyForDeploymentPostprocessing = 0;
		};
		51C1E1831CB66CAE0033F0FA /* Frameworks */ = {
			isa = PBXFrameworksBuildPhase;
			buildActionMask = 2147483647;
			files = (
			);
			runOnlyForDeploymentPostprocessing = 0;
		};
/* End PBXFrameworksBuildPhase section */

/* Begin PBXGroup section */
		5102EDA31CC8930000F97A10 /* New Group */ = {
			isa = PBXGroup;
			children = (
				514C33D21CC9BACA0058F644 /* WebViewJSBridge.h */,
				514C33D01CC9BACA0058F644 /* WebViewJSBridge.m */,
				514C33D11CC9BACA0058F644 /* WebViewJSBridge.js */,
			);
			name = "New Group";
			path = "32位md5加密出16位";
			sourceTree = "<group>";
		};
		512F05D91CBCD4750017A3D7 /* WLZ_Car */ = {
			isa = PBXGroup;
			children = (
				512F05DA1CBCD4750017A3D7 /* Controller */,
				512F05DD1CBCD4750017A3D7 /* data.plist */,
				512F05DE1CBCD4750017A3D7 /* Model */,
				512F05E31CBCD4750017A3D7 /* UIColor+WLZ_HexRGB.h */,
				512F05E41CBCD4750017A3D7 /* UIColor+WLZ_HexRGB.m */,
				512F05E51CBCD4750017A3D7 /* View */,
				512F05EE1CBCD4750017A3D7 /* ViewModel */,
			);
			name = WLZ_Car;
			path = LouYiHangZhou/WLZ_Car;
			sourceTree = "<group>";
		};
		512F05DA1CBCD4750017A3D7 /* Controller */ = {
			isa = PBXGroup;
			children = (
				512F05DB1CBCD4750017A3D7 /* WLZ_ShoppingCarController.h */,
				512F05DC1CBCD4750017A3D7 /* WLZ_ShoppingCarController.m */,
			);
			path = Controller;
			sourceTree = "<group>";
		};
		512F05DE1CBCD4750017A3D7 /* Model */ = {
			isa = PBXGroup;
			children = (
				512F05DF1CBCD4750017A3D7 /* WLZ_CommodityModel.h */,
				512F05E01CBCD4750017A3D7 /* WLZ_CommodityModel.m */,
				512F05E11CBCD4750017A3D7 /* WLZ_ShoppIngCarModel.h */,
				512F05E21CBCD4750017A3D7 /* WLZ_ShoppIngCarModel.m */,
			);
			path = Model;
			sourceTree = "<group>";
		};
		512F05E51CBCD4750017A3D7 /* View */ = {
			isa = PBXGroup;
			children = (
				512F05E61CBCD4750017A3D7 /* WLZ_ChangeCountView.h */,
				512F05E71CBCD4750017A3D7 /* WLZ_ChangeCountView.m */,
				512F05EA1CBCD4750017A3D7 /* WLZ_ShoppingCarCell.h */,
				512F05EB1CBCD4750017A3D7 /* WLZ_ShoppingCarCell.m */,
				512F05EC1CBCD4750017A3D7 /* WLZ_ShoppingCartEndView.h */,
				512F05ED1CBCD4750017A3D7 /* WLZ_ShoppingCartEndView.m */,
			);
			path = View;
			sourceTree = "<group>";
		};
		512F05EE1CBCD4750017A3D7 /* ViewModel */ = {
			isa = PBXGroup;
			children = (
				512F05EF1CBCD4750017A3D7 /* WLZ_ShopViewModel.h */,
				512F05F01CBCD4750017A3D7 /* WLZ_ShopViewModel.m */,
			);
			path = ViewModel;
			sourceTree = "<group>";
		};
		516FEF961CBB2BAE00E9A980 /* 个人中心页面 */ = {
			isa = PBXGroup;
			children = (
				51C1E1E01CB751C20033F0FA /* ProfileViewController.h */,
				51C1E1E11CB751C20033F0FA /* ProfileViewController.m */,
				516FEF971CBB2C3000E9A980 /* ReceptionTableViewController.h */,
				516FEF981CBB2C3000E9A980 /* ReceptionTableViewController.m */,
				51E23F991CBB671C0094607F /* SettingTableViewController.h */,
				51E23F9A1CBB671C0094607F /* SettingTableViewController.m */,
				51E23F9C1CBB732B0094607F /* CollectTableViewController.h */,
				51E23F9D1CBB732B0094607F /* CollectTableViewController.m */,
				51E23FA21CBB84110094607F /* MessageTableViewController.h */,
				51E23FA31CBB84110094607F /* MessageTableViewController.m */,
				512F072B1CBD4EB50017A3D7 /* CouponViewController.h */,
				512F072C1CBD4EB50017A3D7 /* CouponViewController.m */,
			);
			name = "个人中心页面";
			sourceTree = "<group>";
		};
		51B54E9E1CBDD90400F0B5D4 /* 按钮倒计时 */ = {
			isa = PBXGroup;
			children = (
				51B54E9F1CBDD94C00F0B5D4 /* UIButton+countDown.m */,
				51B54EA01CBDD94C00F0B5D4 /* UIButton+countDown.h */,
			);
			name = "按钮倒计时";
			path = "快速访问view各个属性";
			sourceTree = "<group>";
		};
		51B54EA21CBE2DE500F0B5D4 /* AddressPick */ = {
			isa = PBXGroup;
			children = (
				51B54EA31CBE2DE500F0B5D4 /* Address.plist */,
				51B54EA41CBE2DE500F0B5D4 /* AddressPickView.h */,
				51B54EA51CBE2DE500F0B5D4 /* AddressPickView.m */,
			);
			path = AddressPick;
			sourceTree = "<group>";
		};
		51B54EA81CBF194700F0B5D4 /* UserManager */ = {
			isa = PBXGroup;
			children = (
				51B54EA91CBF19C700F0B5D4 /* UserManager.h */,
				51B54EAA1CBF19C700F0B5D4 /* UserManager.m */,
			);
			name = UserManager;
			path = AddressPick;
			sourceTree = "<group>";
		};
		51C1E1591CB66CAE0033F0FA = {
			isa = PBXGroup;
			children = (
				512F05D91CBCD4750017A3D7 /* WLZ_Car */,
				51C1E1641CB66CAE0033F0FA /* LouYiHangZhou */,
				51C1E17E1CB66CAE0033F0FA /* LouYiHangZhouTests */,
				51C1E1891CB66CAE0033F0FA /* LouYiHangZhouUITests */,
				51C1E1631CB66CAE0033F0FA /* Products */,
				6D258A4F27009105A869065A /* Pods */,
				C1287CB7DD5859EFD1480E57 /* Frameworks */,
			);
			sourceTree = "<group>";
		};
		51C1E1631CB66CAE0033F0FA /* Products */ = {
			isa = PBXGroup;
			children = (
				51C1E1621CB66CAE0033F0FA /* LouYiHangZhou.app */,
				51C1E17B1CB66CAE0033F0FA /* LouYiHangZhouTests.xctest */,
				51C1E1861CB66CAE0033F0FA /* LouYiHangZhouUITests.xctest */,
			);
			name = Products;
			sourceTree = "<group>";
		};
		51C1E1641CB66CAE0033F0FA /* LouYiHangZhou */ = {
			isa = PBXGroup;
			children = (
				5182DB851CC85A63009869C7 /* web */,
				51C1E1C21CB730EE0033F0FA /* Main */,
				51C1E1AC1CB6969C0033F0FA /* Supports */,
				51C1E19B1CB691960033F0FA /* Classes */,
				51C1E1711CB66CAE0033F0FA /* Assets.xcassets */,
				51C1E1651CB66CAE0033F0FA /* Supporting Files */,
			);
			path = LouYiHangZhou;
			sourceTree = "<group>";
		};
		51C1E1651CB66CAE0033F0FA /* Supporting Files */ = {
			isa = PBXGroup;
			children = (
				51C1E1681CB66CAE0033F0FA /* AppDelegate.h */,
				51C1E1691CB66CAE0033F0FA /* AppDelegate.m */,
				51C1E16B1CB66CAE0033F0FA /* ViewController.h */,
				51C1E16C1CB66CAE0033F0FA /* ViewController.m */,
				51C1E1661CB66CAE0033F0FA /* main.m */,
				51C1E16E1CB66CAE0033F0FA /* Main.storyboard */,
				51C1E1731CB66CAE0033F0FA /* LaunchScreen.storyboard */,
				51C1E1761CB66CAE0033F0FA /* Info.plist */,
			);
			name = "Supporting Files";
			sourceTree = "<group>";
		};
		51C1E17E1CB66CAE0033F0FA /* LouYiHangZhouTests */ = {
			isa = PBXGroup;
			children = (
				51C1E17F1CB66CAE0033F0FA /* LouYiHangZhouTests.m */,
				51C1E1811CB66CAE0033F0FA /* Info.plist */,
			);
			path = LouYiHangZhouTests;
			sourceTree = "<group>";
		};
		51C1E1891CB66CAE0033F0FA /* LouYiHangZhouUITests */ = {
			isa = PBXGroup;
			children = (
				51C1E18A1CB66CAE0033F0FA /* LouYiHangZhouUITests.m */,
				51C1E18C1CB66CAE0033F0FA /* Info.plist */,
			);
			path = LouYiHangZhouUITests;
			sourceTree = "<group>";
		};
		51C1E19B1CB691960033F0FA /* Classes */ = {
			isa = PBXGroup;
			children = (
				51C1E19C1CB691960033F0FA /* Classify */,
				51C1E1A01CB691960033F0FA /* Home */,
				51C1E1A41CB691960033F0FA /* Profile */,
				51C1E1A81CB691960033F0FA /* ShoppingCart */,
			);
			path = Classes;
			sourceTree = "<group>";
		};
		51C1E19C1CB691960033F0FA /* Classify */ = {
			isa = PBXGroup;
			children = (
				51C1E19D1CB691960033F0FA /* Model */,
				51C1E19E1CB691960033F0FA /* View */,
				51C1E19F1CB691960033F0FA /* ViewController */,
			);
			path = Classify;
			sourceTree = "<group>";
		};
		51C1E19D1CB691960033F0FA /* Model */ = {
			isa = PBXGroup;
			children = (
			);
			path = Model;
			sourceTree = "<group>";
		};
		51C1E19E1CB691960033F0FA /* View */ = {
			isa = PBXGroup;
			children = (
			);
			path = View;
			sourceTree = "<group>";
		};
		51C1E19F1CB691960033F0FA /* ViewController */ = {
			isa = PBXGroup;
			children = (
				51C1E1DD1CB751AE0033F0FA /* ClassifyViewController.h */,
				51C1E1DE1CB751AE0033F0FA /* ClassifyViewController.m */,
			);
			path = ViewController;
			sourceTree = "<group>";
		};
		51C1E1A01CB691960033F0FA /* Home */ = {
			isa = PBXGroup;
			children = (
				51C1E1A11CB691960033F0FA /* Model */,
				51C1E1A21CB691960033F0FA /* View */,
				51C1E1A31CB691960033F0FA /* ViewController */,
			);
			path = Home;
			sourceTree = "<group>";
		};
		51C1E1A11CB691960033F0FA /* Model */ = {
			isa = PBXGroup;
			children = (
			);
			path = Model;
			sourceTree = "<group>";
		};
		51C1E1A21CB691960033F0FA /* View */ = {
			isa = PBXGroup;
			children = (
			);
			path = View;
			sourceTree = "<group>";
		};
		51C1E1A31CB691960033F0FA /* ViewController */ = {
			isa = PBXGroup;
			children = (
				51C1E1DA1CB751960033F0FA /* HomeViewController.h */,
				51C1E1DB1CB751960033F0FA /* HomeViewController.m */,
				51B54EAF1CBF4E2900F0B5D4 /* SearchViewController.h */,
				51B54EB01CBF4E2900F0B5D4 /* SearchViewController.m */,
			);
			path = ViewController;
			sourceTree = "<group>";
		};
		51C1E1A41CB691960033F0FA /* Profile */ = {
			isa = PBXGroup;
			children = (
				51C1E1A51CB691960033F0FA /* Model */,
				51C1E1A61CB691960033F0FA /* View */,
				51C1E1A71CB691960033F0FA /* ViewController */,
			);
			path = Profile;
			sourceTree = "<group>";
		};
		51C1E1A51CB691960033F0FA /* Model */ = {
			isa = PBXGroup;
			children = (
				51C1E1C91CB733C40033F0FA /* 用户个人基本信息 */,
			);
			path = Model;
			sourceTree = "<group>";
		};
		51C1E1A61CB691960033F0FA /* View */ = {
			isa = PBXGroup;
			children = (
				51C1E1E61CB763D50033F0FA /* ProfileCollectionViewCell.h */,
				51C1E1E71CB763D60033F0FA /* ProfileCollectionViewCell.m */,
				516FEF9D1CBB310E00E9A980 /* ReceptionTableViewCell.h */,
				516FEF9E1CBB310E00E9A980 /* ReceptionTableViewCell.m */,
				51E23F9F1CBB7ABE0094607F /* CollectTableViewCell.h */,
				51E23FA01CBB7ABE0094607F /* CollectTableViewCell.m */,
				51E23FA51CBB85A20094607F /* MessageTableViewCell.h */,
				51E23FA61CBB85A20094607F /* MessageTableViewCell.m */,
			);
			path = View;
			sourceTree = "<group>";
		};
		51C1E1A71CB691960033F0FA /* ViewController */ = {
			isa = PBXGroup;
			children = (
				516FEF961CBB2BAE00E9A980 /* 个人中心页面 */,
				51C1E1E91CB77C040033F0FA /* LogonVViewController.h */,
				51C1E1EA1CB77C040033F0FA /* LogonVViewController.m */,
				51C1E1EC1CB78C3D0033F0FA /* RegisterViewController.h */,
				51C1E1ED1CB78C3D0033F0FA /* RegisterViewController.m */,
				51C1E1EF1CB7938B0033F0FA /* ProfileIMForViewController.h */,
				51C1E1F01CB7938B0033F0FA /* ProfileIMForViewController.m */,
				51F469511CB8B35000534FAE /* ForgotPassWViewController.h */,
				51F469521CB8B35000534FAE /* ForgotPassWViewController.m */,
				51630BF31CBB491000915669 /* AddReceptionViewController.h */,
				51630BF41CBB491000915669 /* AddReceptionViewController.m */,
				519198621CBBA3B1006AD102 /* FeedBackViewController.h */,
				519198631CBBA3B1006AD102 /* FeedBackViewController.m */,
				5125F2381CC797BE001CAD9A /* OrderStatusViewController.h */,
				5125F2391CC797BE001CAD9A /* OrderStatusViewController.m */,
				514C33D51CC9D2530058F644 /* ChangePasswordViewController.h */,
				514C33D61CC9D2530058F644 /* ChangePasswordViewController.m */,
			);
			path = ViewController;
			sourceTree = "<group>";
		};
		51C1E1A81CB691960033F0FA /* ShoppingCart */ = {
			isa = PBXGroup;
			children = (
				51C1E1A91CB691960033F0FA /* Model */,
				51C1E1AA1CB691960033F0FA /* View */,
				51C1E1AB1CB691960033F0FA /* ViewController */,
			);
			path = ShoppingCart;
			sourceTree = "<group>";
		};
		51C1E1A91CB691960033F0FA /* Model */ = {
			isa = PBXGroup;
			children = (
			);
			path = Model;
			sourceTree = "<group>";
		};
		51C1E1AA1CB691960033F0FA /* View */ = {
			isa = PBXGroup;
			children = (
				51AD6AE51CBCAEC300F548D5 /* ShoppingCartTableViewCell.h */,
				51AD6AE61CBCAEC300F548D5 /* ShoppingCartTableViewCell.m */,
			);
			path = View;
			sourceTree = "<group>";
		};
		51C1E1AB1CB691960033F0FA /* ViewController */ = {
			isa = PBXGroup;
			children = (
				51C1E1E31CB751EA0033F0FA /* ShoppingCartViewController.h */,
				51C1E1E41CB751EA0033F0FA /* ShoppingCartViewController.m */,
			);
			path = ViewController;
			sourceTree = "<group>";
		};
		51C1E1AC1CB6969C0033F0FA /* Supports */ = {
			isa = PBXGroup;
			children = (
				5102EDA31CC8930000F97A10 /* New Group */,
				51C1E1D61CB73F940033F0FA /* HttpParameters */,
				51B54EA81CBF194700F0B5D4 /* UserManager */,
				51B54EA21CBE2DE500F0B5D4 /* AddressPick */,
				51E23F7F1CBB50FD0094607F /* selectCity */,
				51C1E1D41CB73CEA0033F0FA /* Marco */,
				51C1E1C01CB6A0760033F0FA /* API */,
				51C1E1AD1CB6969C0033F0FA /* 32位md5加密出16位 */,
				51C1E1B01CB6969C0033F0FA /* 后台打印汉字不需要倒入 */,
				51C1E1B51CB6969C0033F0FA /* 快速访问storyboard里的控制器 */,
				51B54E9E1CBDD90400F0B5D4 /* 按钮倒计时 */,
				51C1E1B81CB6969C0033F0FA /* 快速访问view各个属性 */,
			);
			name = Supports;
			path = Classes/Supports;
			sourceTree = "<group>";
		};
		51C1E1AD1CB6969C0033F0FA /* 32位md5加密出16位 */ = {
			isa = PBXGroup;
			children = (
				51C1E1AE1CB6969C0033F0FA /* NSString+MD5.h */,
				51C1E1AF1CB6969C0033F0FA /* NSString+MD5.m */,
			);
			path = "32位md5加密出16位";
			sourceTree = "<group>";
		};
		51C1E1B01CB6969C0033F0FA /* 后台打印汉字不需要倒入 */ = {
			isa = PBXGroup;
			children = (
				51C1E1B11CB6969C0033F0FA /* NSArray+Log.h */,
				51C1E1B21CB6969C0033F0FA /* NSArray+Log.m */,
				51C1E1B31CB6969C0033F0FA /* NSDictionary+Log.h */,
				51C1E1B41CB6969C0033F0FA /* NSDictionary+Log.m */,
			);
			path = "后台打印汉字不需要倒入";
			sourceTree = "<group>";
		};
		51C1E1B51CB6969C0033F0FA /* 快速访问storyboard里的控制器 */ = {
			isa = PBXGroup;
			children = (
				51C1E1B61CB6969C0033F0FA /* UIViewController+StoryboardFrom.h */,
				51C1E1B71CB6969C0033F0FA /* UIViewController+StoryboardFrom.m */,
			);
			path = "快速访问storyboard里的控制器";
			sourceTree = "<group>";
		};
		51C1E1B81CB6969C0033F0FA /* 快速访问view各个属性 */ = {
			isa = PBXGroup;
			children = (
				51C1E1B91CB6969C0033F0FA /* UIView+Extension.h */,
				51C1E1BA1CB6969C0033F0FA /* UIView+Extension.m */,
			);
			path = "快速访问view各个属性";
			sourceTree = "<group>";
		};
		51C1E1C01CB6A0760033F0FA /* API */ = {
			isa = PBXGroup;
			children = (
				51C1E1D11CB7362D0033F0FA /* BYSHttpTool.h */,
				51C1E1D21CB7362D0033F0FA /* BYSHttpTool.m */,
			);
			name = API;
			sourceTree = "<group>";
		};
		51C1E1C21CB730EE0033F0FA /* Main */ = {
			isa = PBXGroup;
			children = (
				51C1E1C71CB731D80033F0FA /* NavigationViewController.h */,
				51C1E1C61CB731D80033F0FA /* NavigationViewController.m */,
				51C1E1C41CB731CB0033F0FA /* TabBarViewController.h */,
				51C1E1C31CB731CB0033F0FA /* TabBarViewController.m */,
				512F06491CBD0BDD0017A3D7 /* html.bundle */,
			);
			name = Main;
			path = "Classes/Supports/32位md5加密出16位";
			sourceTree = "<group>";
		};
		51C1E1C91CB733C40033F0FA /* 用户个人基本信息 */ = {
			isa = PBXGroup;
			children = (
				51C1E1CD1CB7346F0033F0FA /* UserImformationModel.h */,
				51C1E1CE1CB7346F0033F0FA /* UserImformationModel.m */,
				5102EDA41CC8985600F97A10 /* AddressModel.h */,
				5102EDA51CC8985600F97A10 /* AddressModel.m */,
			);
			name = "用户个人基本信息";
			sourceTree = "<group>";
		};
		51C1E1D41CB73CEA0033F0FA /* Marco */ = {
			isa = PBXGroup;
			children = (
				51C1E1D51CB73D0B0033F0FA /* MacroDefinition.h */,
			);
			name = Marco;
			sourceTree = "<group>";
		};
		51C1E1D61CB73F940033F0FA /* HttpParameters */ = {
			isa = PBXGroup;
			children = (
				51C1E1D71CB73FCA0033F0FA /* HttpParameters.h */,
				51C1E1D81CB73FCA0033F0FA /* HttpParameters.m */,
			);
			name = HttpParameters;
			path = "32位md5加密出16位";
			sourceTree = "<group>";
		};
		51E23F7F1CBB50FD0094607F /* selectCity */ = {
			isa = PBXGroup;
			children = (
				51E23F801CBB50FD0094607F /* cancelBtn@2x.png */,
				51E23F811CBB50FD0094607F /* citydict.plist */,
				51E23F821CBB50FD0094607F /* Controller */,
				51E23F871CBB50FD0094607F /* Model */,
				51E23F8A1CBB50FD0094607F /* View */,
			);
			path = selectCity;
			sourceTree = "<group>";
		};
		51E23F821CBB50FD0094607F /* Controller */ = {
			isa = PBXGroup;
			children = (
				51E23F831CBB50FD0094607F /* CityViewController.h */,
				51E23F841CBB50FD0094607F /* CityViewController.m */,
				51E23F851CBB50FD0094607F /* ResultCityController.h */,
				51E23F861CBB50FD0094607F /* ResultCityController.m */,
			);
			path = Controller;
			sourceTree = "<group>";
		};
		51E23F871CBB50FD0094607F /* Model */ = {
			isa = PBXGroup;
			children = (
				51E23F881CBB50FD0094607F /* CityModel.h */,
				51E23F891CBB50FD0094607F /* CityModel.m */,
			);
			path = Model;
			sourceTree = "<group>";
		};
		51E23F8A1CBB50FD0094607F /* View */ = {
			isa = PBXGroup;
			children = (
				51E23F8B1CBB50FD0094607F /* CityTableViewCell.h */,
				51E23F8C1CBB50FD0094607F /* CityTableViewCell.m */,
				51E23F8D1CBB50FD0094607F /* CustomSearchView.h */,
				51E23F8E1CBB50FD0094607F /* CustomSearchView.m */,
				51E23F8F1CBB50FD0094607F /* CustomTopView.h */,
				51E23F901CBB50FD0094607F /* CustomTopView.m */,
			);
			path = View;
			sourceTree = "<group>";
		};
		6D258A4F27009105A869065A /* Pods */ = {
			isa = PBXGroup;
			children = (
				DB3ED9E112990A225511548B /* Pods.debug.xcconfig */,
				F52B20ADD99EBDBA6AFA93AE /* Pods.release.xcconfig */,
			);
			name = Pods;
			sourceTree = "<group>";
		};
		C1287CB7DD5859EFD1480E57 /* Frameworks */ = {
			isa = PBXGroup;
			children = (
				5102EDA71CC8A47100F97A10 /* JavaScriptCore.framework */,
				E715E4B03A7993FD44B7C8A7 /* libPods.a */,
			);
			name = Frameworks;
			sourceTree = "<group>";
		};
/* End PBXGroup section */

/* Begin PBXNativeTarget section */
		51C1E1611CB66CAE0033F0FA /* LouYiHangZhou */ = {
			isa = PBXNativeTarget;
			buildConfigurationList = 51C1E18F1CB66CAE0033F0FA /* Build configuration list for PBXNativeTarget "LouYiHangZhou" */;
			buildPhases = (
				93265A2EB84E6955E28C0F99 /* Check Pods Manifest.lock */,
				51C1E15E1CB66CAE0033F0FA /* Sources */,
				51C1E15F1CB66CAE0033F0FA /* Frameworks */,
				51C1E1601CB66CAE0033F0FA /* Resources */,
				83A4247038AC976AAE59A2FF /* Embed Pods Frameworks */,
				E0352C60313BAA0E021B5A64 /* Copy Pods Resources */,
			);
			buildRules = (
			);
			dependencies = (
			);
			name = LouYiHangZhou;
			productName = LouYiHangZhou;
			productReference = 51C1E1621CB66CAE0033F0FA /* LouYiHangZhou.app */;
			productType = "com.apple.product-type.application";
		};
		51C1E17A1CB66CAE0033F0FA /* LouYiHangZhouTests */ = {
			isa = PBXNativeTarget;
			buildConfigurationList = 51C1E1921CB66CAE0033F0FA /* Build configuration list for PBXNativeTarget "LouYiHangZhouTests" */;
			buildPhases = (
				51C1E1771CB66CAE0033F0FA /* Sources */,
				51C1E1781CB66CAE0033F0FA /* Frameworks */,
				51C1E1791CB66CAE0033F0FA /* Resources */,
			);
			buildRules = (
			);
			dependencies = (
				51C1E17D1CB66CAE0033F0FA /* PBXTargetDependency */,
			);
			name = LouYiHangZhouTests;
			productName = LouYiHangZhouTests;
			productReference = 51C1E17B1CB66CAE0033F0FA /* LouYiHangZhouTests.xctest */;
			productType = "com.apple.product-type.bundle.unit-test";
		};
		51C1E1851CB66CAE0033F0FA /* LouYiHangZhouUITests */ = {
			isa = PBXNativeTarget;
			buildConfigurationList = 51C1E1951CB66CAE0033F0FA /* Build configuration list for PBXNativeTarget "LouYiHangZhouUITests" */;
			buildPhases = (
				51C1E1821CB66CAE0033F0FA /* Sources */,
				51C1E1831CB66CAE0033F0FA /* Frameworks */,
				51C1E1841CB66CAE0033F0FA /* Resources */,
			);
			buildRules = (
			);
			dependencies = (
				51C1E1881CB66CAE0033F0FA /* PBXTargetDependency */,
			);
			name = LouYiHangZhouUITests;
			productName = LouYiHangZhouUITests;
			productReference = 51C1E1861CB66CAE0033F0FA /* LouYiHangZhouUITests.xctest */;
			productType = "com.apple.product-type.bundle.ui-testing";
		};
/* End PBXNativeTarget section */

/* Begin PBXProject section */
		51C1E15A1CB66CAE0033F0FA /* Project object */ = {
			isa = PBXProject;
			attributes = {
				LastUpgradeCheck = 0720;
				ORGANIZATIONNAME = "Luo Yi TECHNOLOGY";
				TargetAttributes = {
					51C1E1611CB66CAE0033F0FA = {
						CreatedOnToolsVersion = 7.2.1;
						DevelopmentTeam = 8VCU7TP4B4;
					};
					51C1E17A1CB66CAE0033F0FA = {
						CreatedOnToolsVersion = 7.2.1;
						DevelopmentTeam = SA22UC7R9N;
						TestTargetID = 51C1E1611CB66CAE0033F0FA;
					};
					51C1E1851CB66CAE0033F0FA = {
						CreatedOnToolsVersion = 7.2.1;
						DevelopmentTeam = SA22UC7R9N;
						TestTargetID = 51C1E1611CB66CAE0033F0FA;
					};
				};
			};
			buildConfigurationList = 51C1E15D1CB66CAE0033F0FA /* Build configuration list for PBXProject "LouYiHangZhou" */;
			compatibilityVersion = "Xcode 3.2";
			developmentRegion = English;
			hasScannedForEncodings = 0;
			knownRegions = (
				en,
				Base,
			);
			mainGroup = 51C1E1591CB66CAE0033F0FA;
			productRefGroup = 51C1E1631CB66CAE0033F0FA /* Products */;
			projectDirPath = "";
			projectRoot = "";
			targets = (
				51C1E1611CB66CAE0033F0FA /* LouYiHangZhou */,
				51C1E17A1CB66CAE0033F0FA /* LouYiHangZhouTests */,
				51C1E1851CB66CAE0033F0FA /* LouYiHangZhouUITests */,
			);
		};
/* End PBXProject section */

/* Begin PBXResourcesBuildPhase section */
		51C1E1601CB66CAE0033F0FA /* Resources */ = {
			isa = PBXResourcesBuildPhase;
			buildActionMask = 2147483647;
			files = (
				5182DB861CC85A63009869C7 /* web in Resources */,
				512F05F21CBCD4750017A3D7 /* data.plist in Resources */,
				51E23F921CBB50FD0094607F /* citydict.plist in Resources */,
				512F064A1CBD0BDD0017A3D7 /* html.bundle in Resources */,
				51C1E1751CB66CAE0033F0FA /* LaunchScreen.storyboard in Resources */,
				51C1E1721CB66CAE0033F0FA /* Assets.xcassets in Resources */,
				51C1E1701CB66CAE0033F0FA /* Main.storyboard in Resources */,
				51E23F911CBB50FD0094607F /* cancelBtn@2x.png in Resources */,
				514C33D41CC9BACA0058F644 /* WebViewJSBridge.js in Resources */,
				51B54EA61CBE2DE500F0B5D4 /* Address.plist in Resources */,
			);
			runOnlyForDeploymentPostprocessing = 0;
		};
		51C1E1791CB66CAE0033F0FA /* Resources */ = {
			isa = PBXResourcesBuildPhase;
			buildActionMask = 2147483647;
			files = (
			);
			runOnlyForDeploymentPostprocessing = 0;
		};
		51C1E1841CB66CAE0033F0FA /* Resources */ = {
			isa = PBXResourcesBuildPhase;
			buildActionMask = 2147483647;
			files = (
			);
			runOnlyForDeploymentPostprocessing = 0;
		};
/* End PBXResourcesBuildPhase section */

/* Begin PBXShellScriptBuildPhase section */
		83A4247038AC976AAE59A2FF /* Embed Pods Frameworks */ = {
			isa = PBXShellScriptBuildPhase;
			buildActionMask = 2147483647;
			files = (
			);
			inputPaths = (
			);
			name = "Embed Pods Frameworks";
			outputPaths = (
			);
			runOnlyForDeploymentPostprocessing = 0;
			shellPath = /bin/sh;
			shellScript = "\"${SRCROOT}/Pods/Target Support Files/Pods/Pods-frameworks.sh\"\n";
			showEnvVarsInLog = 0;
		};
		93265A2EB84E6955E28C0F99 /* Check Pods Manifest.lock */ = {
			isa = PBXShellScriptBuildPhase;
			buildActionMask = 2147483647;
			files = (
			);
			inputPaths = (
			);
			name = "Check Pods Manifest.lock";
			outputPaths = (
			);
			runOnlyForDeploymentPostprocessing = 0;
			shellPath = /bin/sh;
			shellScript = "diff \"${PODS_ROOT}/../Podfile.lock\" \"${PODS_ROOT}/Manifest.lock\" > /dev/null\nif [[ $? != 0 ]] ; then\n    cat << EOM\nerror: The sandbox is not in sync with the Podfile.lock. Run 'pod install' or update your CocoaPods installation.\nEOM\n    exit 1\nfi\n";
			showEnvVarsInLog = 0;
		};
		E0352C60313BAA0E021B5A64 /* Copy Pods Resources */ = {
			isa = PBXShellScriptBuildPhase;
			buildActionMask = 2147483647;
			files = (
			);
			inputPaths = (
			);
			name = "Copy Pods Resources";
			outputPaths = (
			);
			runOnlyForDeploymentPostprocessing = 0;
			shellPath = /bin/sh;
			shellScript = "\"${SRCROOT}/Pods/Target Support Files/Pods/Pods-resources.sh\"\n";
			showEnvVarsInLog = 0;
		};
/* End PBXShellScriptBuildPhase section */

/* Begin PBXSourcesBuildPhase section */
		51C1E15E1CB66CAE0033F0FA /* Sources */ = {
			isa = PBXSourcesBuildPhase;
			buildActionMask = 2147483647;
			files = (
				512F05F41CBCD4750017A3D7 /* WLZ_ShoppIngCarModel.m in Sources */,
				51C1E1BC1CB6969C0033F0FA /* NSArray+Log.m in Sources */,
				51E23FA41CBB84110094607F /* MessageTableViewController.m in Sources */,
				512F072D1CBD4EB50017A3D7 /* CouponViewController.m in Sources */,
				512F05FA1CBCD4760017A3D7 /* WLZ_ShopViewModel.m in Sources */,
				516FEF991CBB2C3000E9A980 /* ReceptionTableViewController.m in Sources */,
				51E23F981CBB50FD0094607F /* CustomTopView.m in Sources */,
				51C1E1BD1CB6969C0033F0FA /* NSDictionary+Log.m in Sources */,
				514C33D71CC9D2530058F644 /* ChangePasswordViewController.m in Sources */,
				51E23F9E1CBB732B0094607F /* CollectTableViewController.m in Sources */,
				51B54EA71CBE2DE500F0B5D4 /* AddressPickView.m in Sources */,
				51C1E1E21CB751C20033F0FA /* ProfileViewController.m in Sources */,
				512F05F91CBCD4760017A3D7 /* WLZ_ShoppingCartEndView.m in Sources */,
				51B54EAB1CBF19C700F0B5D4 /* UserManager.m in Sources */,
				514C33D31CC9BACA0058F644 /* WebViewJSBridge.m in Sources */,
				51E23F951CBB50FD0094607F /* CityModel.m in Sources */,
				512F05F61CBCD4760017A3D7 /* WLZ_ChangeCountView.m in Sources */,
				51E23F971CBB50FD0094607F /* CustomSearchView.m in Sources */,
				512F05F31CBCD4750017A3D7 /* WLZ_CommodityModel.m in Sources */,
				51C1E1C81CB731D80033F0FA /* NavigationViewController.m in Sources */,
				51C1E1D91CB73FCA0033F0FA /* HttpParameters.m in Sources */,
				51C1E1CF1CB7346F0033F0FA /* UserImformationModel.m in Sources */,
				519198641CBBA3B1006AD102 /* FeedBackViewController.m in Sources */,
				51E23F931CBB50FD0094607F /* CityViewController.m in Sources */,
				51B54EB11CBF4E2900F0B5D4 /* SearchViewController.m in Sources */,
				51C1E1DC1CB751960033F0FA /* HomeViewController.m in Sources */,
				51B54EA11CBDD94C00F0B5D4 /* UIButton+countDown.m in Sources */,
				51AD6AE71CBCAEC300F548D5 /* ShoppingCartTableViewCell.m in Sources */,
				51C1E1DF1CB751AE0033F0FA /* ClassifyViewController.m in Sources */,
				51C1E1D31CB7362D0033F0FA /* BYSHttpTool.m in Sources */,
				51C1E1E51CB751EA0033F0FA /* ShoppingCartViewController.m in Sources */,
				5125F23A1CC797BE001CAD9A /* OrderStatusViewController.m in Sources */,
				51F469531CB8B35000534FAE /* ForgotPassWViewController.m in Sources */,
				51E23F961CBB50FD0094607F /* CityTableViewCell.m in Sources */,
				512F05F11CBCD4750017A3D7 /* WLZ_ShoppingCarController.m in Sources */,
				51C1E1E81CB763D60033F0FA /* ProfileCollectionViewCell.m in Sources */,
				51C1E1F11CB7938B0033F0FA /* ProfileIMForViewController.m in Sources */,
				512F05F81CBCD4760017A3D7 /* WLZ_ShoppingCarCell.m in Sources */,
				51C1E16D1CB66CAE0033F0FA /* ViewController.m in Sources */,
				51C1E1BE1CB6969C0033F0FA /* UIViewController+StoryboardFrom.m in Sources */,
				51C1E16A1CB66CAE0033F0FA /* AppDelegate.m in Sources */,
				51C1E1BB1CB6969C0033F0FA /* NSString+MD5.m in Sources */,
				51C1E1EE1CB78C3D0033F0FA /* RegisterViewController.m in Sources */,
				51630BF51CBB491000915669 /* AddReceptionViewController.m in Sources */,
				51E23F941CBB50FD0094607F /* ResultCityController.m in Sources */,
				51C1E1BF1CB6969C0033F0FA /* UIView+Extension.m in Sources */,
				51E23FA71CBB85A20094607F /* MessageTableViewCell.m in Sources */,
				512F05F51CBCD4760017A3D7 /* UIColor+WLZ_HexRGB.m in Sources */,
				51E23FA11CBB7ABE0094607F /* CollectTableViewCell.m in Sources */,
				51C1E1EB1CB77C040033F0FA /* LogonVViewController.m in Sources */,
				51E23F9B1CBB671C0094607F /* SettingTableViewController.m in Sources */,
				51C1E1C51CB731CB0033F0FA /* TabBarViewController.m in Sources */,
				51C1E1671CB66CAE0033F0FA /* main.m in Sources */,
				5102EDA61CC8985600F97A10 /* AddressModel.m in Sources */,
				516FEF9F1CBB310E00E9A980 /* ReceptionTableViewCell.m in Sources */,
			);
			runOnlyForDeploymentPostprocessing = 0;
		};
		51C1E1771CB66CAE0033F0FA /* Sources */ = {
			isa = PBXSourcesBuildPhase;
			buildActionMask = 2147483647;
			files = (
				51C1E1801CB66CAE0033F0FA /* LouYiHangZhouTests.m in Sources */,
			);
			runOnlyForDeploymentPostprocessing = 0;
		};
		51C1E1821CB66CAE0033F0FA /* Sources */ = {
			isa = PBXSourcesBuildPhase;
			buildActionMask = 2147483647;
			files = (
				51C1E18B1CB66CAE0033F0FA /* LouYiHangZhouUITests.m in Sources */,
			);
			runOnlyForDeploymentPostprocessing = 0;
		};
/* End PBXSourcesBuildPhase section */

/* Begin PBXTargetDependency section */
		51C1E17D1CB66CAE0033F0FA /* PBXTargetDependency */ = {
			isa = PBXTargetDependency;
			target = 51C1E1611CB66CAE0033F0FA /* LouYiHangZhou */;
			targetProxy = 51C1E17C1CB66CAE0033F0FA /* PBXContainerItemProxy */;
		};
		51C1E1881CB66CAE0033F0FA /* PBXTargetDependency */ = {
			isa = PBXTargetDependency;
			target = 51C1E1611CB66CAE0033F0FA /* LouYiHangZhou */;
			targetProxy = 51C1E1871CB66CAE0033F0FA /* PBXContainerItemProxy */;
		};
/* End PBXTargetDependency section */

/* Begin PBXVariantGroup section */
		51C1E16E1CB66CAE0033F0FA /* Main.storyboard */ = {
			isa = PBXVariantGroup;
			children = (
				51C1E16F1CB66CAE0033F0FA /* Base */,
			);
			name = Main.storyboard;
			sourceTree = "<group>";
		};
		51C1E1731CB66CAE0033F0FA /* LaunchScreen.storyboard */ = {
			isa = PBXVariantGroup;
			children = (
				51C1E1741CB66CAE0033F0FA /* Base */,
			);
			name = LaunchScreen.storyboard;
			sourceTree = "<group>";
		};
/* End PBXVariantGroup section */

/* Begin XCBuildConfiguration section */
		51C1E18D1CB66CAE0033F0FA /* Debug */ = {
			isa = XCBuildConfiguration;
			buildSettings = {
				ALWAYS_SEARCH_USER_PATHS = NO;
				CLANG_CXX_LANGUAGE_STANDARD = "gnu++0x";
				CLANG_CXX_LIBRARY = "libc++";
				CLANG_ENABLE_MODULES = YES;
				CLANG_ENABLE_OBJC_ARC = YES;
				CLANG_WARN_BOOL_CONVERSION = YES;
				CLANG_WARN_CONSTANT_CONVERSION = YES;
				CLANG_WARN_DIRECT_OBJC_ISA_USAGE = YES_ERROR;
				CLANG_WARN_EMPTY_BODY = YES;
				CLANG_WARN_ENUM_CONVERSION = YES;
				CLANG_WARN_INT_CONVERSION = YES;
				CLANG_WARN_OBJC_ROOT_CLASS = YES_ERROR;
				CLANG_WARN_UNREACHABLE_CODE = YES;
				CLANG_WARN__DUPLICATE_METHOD_MATCH = YES;
				CODE_SIGN_IDENTITY = "iPhone Distribution: Suzhou Tatahai Electronic Commerce co., LTD (8VCU7TP4B4)";
				"CODE_SIGN_IDENTITY[sdk=iphoneos*]" = "iPhone Distribution: Suzhou Tatahai Electronic Commerce co., LTD (8VCU7TP4B4)";
				COPY_PHASE_STRIP = NO;
				DEBUG_INFORMATION_FORMAT = dwarf;
				ENABLE_BITCODE = NO;
				ENABLE_STRICT_OBJC_MSGSEND = YES;
				ENABLE_TESTABILITY = YES;
				GCC_C_LANGUAGE_STANDARD = gnu99;
				GCC_DYNAMIC_NO_PIC = NO;
				GCC_NO_COMMON_BLOCKS = YES;
				GCC_OPTIMIZATION_LEVEL = 0;
				GCC_PREPROCESSOR_DEFINITIONS = (
					"DEBUG=1",
					"$(inherited)",
				);
				GCC_WARN_64_TO_32_BIT_CONVERSION = YES;
				GCC_WARN_ABOUT_RETURN_TYPE = YES_ERROR;
				GCC_WARN_UNDECLARED_SELECTOR = YES;
				GCC_WARN_UNINITIALIZED_AUTOS = YES_AGGRESSIVE;
				GCC_WARN_UNUSED_FUNCTION = YES;
				GCC_WARN_UNUSED_VARIABLE = YES;
				IPHONEOS_DEPLOYMENT_TARGET = 9.2;
				MTL_ENABLE_DEBUG_INFO = YES;
				ONLY_ACTIVE_ARCH = YES;
				SDKROOT = iphoneos;
			};
			name = Debug;
		};
		51C1E18E1CB66CAE0033F0FA /* Release */ = {
			isa = XCBuildConfiguration;
			buildSettings = {
				ALWAYS_SEARCH_USER_PATHS = NO;
				CLANG_CXX_LANGUAGE_STANDARD = "gnu++0x";
				CLANG_CXX_LIBRARY = "libc++";
				CLANG_ENABLE_MODULES = YES;
				CLANG_ENABLE_OBJC_ARC = YES;
				CLANG_WARN_BOOL_CONVERSION = YES;
				CLANG_WARN_CONSTANT_CONVERSION = YES;
				CLANG_WARN_DIRECT_OBJC_ISA_USAGE = YES_ERROR;
				CLANG_WARN_EMPTY_BODY = YES;
				CLANG_WARN_ENUM_CONVERSION = YES;
				CLANG_WARN_INT_CONVERSION = YES;
				CLANG_WARN_OBJC_ROOT_CLASS = YES_ERROR;
				CLANG_WARN_UNREACHABLE_CODE = YES;
				CLANG_WARN__DUPLICATE_METHOD_MATCH = YES;
				"CODE_SIGN_IDENTITY[sdk=iphoneos*]" = "iPhone Developer";
				COPY_PHASE_STRIP = NO;
				DEBUG_INFORMATION_FORMAT = "dwarf-with-dsym";
				ENABLE_BITCODE = NO;
				ENABLE_NS_ASSERTIONS = NO;
				ENABLE_STRICT_OBJC_MSGSEND = YES;
				GCC_C_LANGUAGE_STANDARD = gnu99;
				GCC_NO_COMMON_BLOCKS = YES;
				GCC_WARN_64_TO_32_BIT_CONVERSION = YES;
				GCC_WARN_ABOUT_RETURN_TYPE = YES_ERROR;
				GCC_WARN_UNDECLARED_SELECTOR = YES;
				GCC_WARN_UNINITIALIZED_AUTOS = YES_AGGRESSIVE;
				GCC_WARN_UNUSED_FUNCTION = YES;
				GCC_WARN_UNUSED_VARIABLE = YES;
				IPHONEOS_DEPLOYMENT_TARGET = 9.2;
				MTL_ENABLE_DEBUG_INFO = NO;
				SDKROOT = iphoneos;
				VALIDATE_PRODUCT = YES;
			};
			name = Release;
		};
		51C1E1901CB66CAE0033F0FA /* Debug */ = {
			isa = XCBuildConfiguration;
			baseConfigurationReference = DB3ED9E112990A225511548B /* Pods.debug.xcconfig */;
			buildSettings = {
				ASSETCATALOG_COMPILER_APPICON_NAME = AppIcon;
				CODE_SIGN_IDENTITY = "iPhone Developer";
				"CODE_SIGN_IDENTITY[sdk=iphoneos*]" = "iPhone Developer";
				GCC_PRECOMPILE_PREFIX_HEADER = YES;
				GCC_PREFIX_HEADER = "$(SRCROOT)/LouYiHangZhou/Classes/Supports/32位md5加密出16位/MacroDefinition.h";
				INFOPLIST_FILE = LouYiHangZhou/Info.plist;
				LD_RUNPATH_SEARCH_PATHS = "$(inherited) @executable_path/Frameworks";
				OTHER_LDFLAGS = (
					"$(inherited)",
					"-ObjC",
					"-l\"AFNetworking\"",
					"-l\"JSONModel\"",
					"-l\"MJExtension\"",
					"-l\"SDWebImage\"",
					"-l\"WebViewJavascriptBridge\"",
					"-l\"iconv\"",
					"-framework",
					"\"AVFoundation\"",
					"-framework",
					"\"CoreGraphics\"",
					"-framework",
					"\"CoreMedia\"",
					"-framework",
					"\"CoreVideo\"",
					"-framework",
					"\"ImageIO\"",
					"-framework",
					"\"MobileCoreServices\"",
					"-framework",
					"\"QuartzCore\"",
					"-framework",
					"\"Security\"",
					"-framework",
					"\"SystemConfiguration\"",
					"-framework",
					"\"UIKit\"",
				);
				PRODUCT_BUNDLE_IDENTIFIER = "com.LuoYiTECHNOLOGY.Luo-yi.LouYiHangZhou";
				PRODUCT_NAME = "$(TARGET_NAME)";
				PROVISIONING_PROFILE = "";
				USER_HEADER_SEARCH_PATHS = "${SRCROOT}/**";
			};
			name = Debug;
		};
		51C1E1911CB66CAE0033F0FA /* Release */ = {
			isa = XCBuildConfiguration;
			baseConfigurationReference = F52B20ADD99EBDBA6AFA93AE /* Pods.release.xcconfig */;
			buildSettings = {
				ASSETCATALOG_COMPILER_APPICON_NAME = AppIcon;
				CODE_SIGN_IDENTITY = "iPhone Developer";
				"CODE_SIGN_IDENTITY[sdk=iphoneos*]" = "iPhone Developer";
				GCC_PRECOMPILE_PREFIX_HEADER = YES;
				GCC_PREFIX_HEADER = "$(SRCROOT)/LouYiHangZhou/Classes/Supports/32位md5加密出16位/MacroDefinition.h";
				INFOPLIST_FILE = LouYiHangZhou/Info.plist;
				LD_RUNPATH_SEARCH_PATHS = "$(inherited) @executable_path/Frameworks";
				OTHER_LDFLAGS = (
					"$(inherited)",
					"-ObjC",
					"-l\"AFNetworking\"",
					"-l\"JSONModel\"",
					"-l\"MJExtension\"",
					"-l\"SDWebImage\"",
					"-l\"WebViewJavascriptBridge\"",
					"-l\"iconv\"",
					"-framework",
					"\"AVFoundation\"",
					"-framework",
					"\"CoreGraphics\"",
					"-framework",
					"\"CoreMedia\"",
					"-framework",
					"\"CoreVideo\"",
					"-framework",
					"\"ImageIO\"",
					"-framework",
					"\"MobileCoreServices\"",
					"-framework",
					"\"QuartzCore\"",
					"-framework",
					"\"Security\"",
					"-framework",
					"\"SystemConfiguration\"",
					"-framework",
					"\"UIKit\"",
				);
				PRODUCT_BUNDLE_IDENTIFIER = "com.LuoYiTECHNOLOGY.Luo-yi.LouYiHangZhou";
				PRODUCT_NAME = "$(TARGET_NAME)";
				PROVISIONING_PROFILE = "";
				USER_HEADER_SEARCH_PATHS = "${SRCROOT}/**";
			};
			name = Release;
		};
		51C1E1931CB66CAE0033F0FA /* Debug */ = {
			isa = XCBuildConfiguration;
			buildSettings = {
				BUNDLE_LOADER = "$(TEST_HOST)";
				INFOPLIST_FILE = LouYiHangZhouTests/Info.plist;
				LD_RUNPATH_SEARCH_PATHS = "$(inherited) @executable_path/Frameworks @loader_path/Frameworks";
				PRODUCT_BUNDLE_IDENTIFIER = "com.LuoYiTECHNOLOGY.Luo-yi.LouYiHangZhouTests";
				PRODUCT_NAME = "$(TARGET_NAME)";
				TEST_HOST = "$(BUILT_PRODUCTS_DIR)/LouYiHangZhou.app/LouYiHangZhou";
			};
			name = Debug;
		};
		51C1E1941CB66CAE0033F0FA /* Release */ = {
			isa = XCBuildConfiguration;
			buildSettings = {
				BUNDLE_LOADER = "$(TEST_HOST)";
				INFOPLIST_FILE = LouYiHangZhouTests/Info.plist;
				LD_RUNPATH_SEARCH_PATHS = "$(inherited) @executable_path/Frameworks @loader_path/Frameworks";
				PRODUCT_BUNDLE_IDENTIFIER = "com.LuoYiTECHNOLOGY.Luo-yi.LouYiHangZhouTests";
				PRODUCT_NAME = "$(TARGET_NAME)";
				TEST_HOST = "$(BUILT_PRODUCTS_DIR)/LouYiHangZhou.app/LouYiHangZhou";
			};
			name = Release;
		};
		51C1E1961CB66CAE0033F0FA /* Debug */ = {
			isa = XCBuildConfiguration;
			buildSettings = {
				INFOPLIST_FILE = LouYiHangZhouUITests/Info.plist;
				LD_RUNPATH_SEARCH_PATHS = "$(inherited) @executable_path/Frameworks @loader_path/Frameworks";
				PRODUCT_BUNDLE_IDENTIFIER = "com.LuoYiTECHNOLOGY.Luo-yi.LouYiHangZhouUITests";
				PRODUCT_NAME = "$(TARGET_NAME)";
				TEST_TARGET_NAME = LouYiHangZhou;
				USES_XCTRUNNER = YES;
			};
			name = Debug;
		};
		51C1E1971CB66CAE0033F0FA /* Release */ = {
			isa = XCBuildConfiguration;
			buildSettings = {
				INFOPLIST_FILE = LouYiHangZhouUITests/Info.plist;
				LD_RUNPATH_SEARCH_PATHS = "$(inherited) @executable_path/Frameworks @loader_path/Frameworks";
				PRODUCT_BUNDLE_IDENTIFIER = "com.LuoYiTECHNOLOGY.Luo-yi.LouYiHangZhouUITests";
				PRODUCT_NAME = "$(TARGET_NAME)";
				TEST_TARGET_NAME = LouYiHangZhou;
				USES_XCTRUNNER = YES;
			};
			name = Release;
		};
/* End XCBuildConfiguration section */

/* Begin XCConfigurationList section */
		51C1E15D1CB66CAE0033F0FA /* Build configuration list for PBXProject "LouYiHangZhou" */ = {
			isa = XCConfigurationList;
			buildConfigurations = (
				51C1E18D1CB66CAE0033F0FA /* Debug */,
				51C1E18E1CB66CAE0033F0FA /* Release */,
			);
			defaultConfigurationIsVisible = 0;
			defaultConfigurationName = Release;
		};
		51C1E18F1CB66CAE0033F0FA /* Build configuration list for PBXNativeTarget "LouYiHangZhou" */ = {
			isa = XCConfigurationList;
			buildConfigurations = (
				51C1E1901CB66CAE0033F0FA /* Debug */,
				51C1E1911CB66CAE0033F0FA /* Release */,
			);
			defaultConfigurationIsVisible = 0;
			defaultConfigurationName = Release;
		};
		51C1E1921CB66CAE0033F0FA /* Build configuration list for PBXNativeTarget "LouYiHangZhouTests" */ = {
			isa = XCConfigurationList;
			buildConfigurations = (
				51C1E1931CB66CAE0033F0FA /* Debug */,
				51C1E1941CB66CAE0033F0FA /* Release */,
			);
			defaultConfigurationIsVisible = 0;
			defaultConfigurationName = Release;
		};
		51C1E1951CB66CAE0033F0FA /* Build configuration list for PBXNativeTarget "LouYiHangZhouUITests" */ = {
			isa = XCConfigurationList;
			buildConfigurations = (
				51C1E1961CB66CAE0033F0FA /* Debug */,
				51C1E1971CB66CAE0033F0FA /* Release */,
			);
			defaultConfigurationIsVisible = 0;
			defaultConfigurationName = Release;
		};
/* End XCConfigurationList section */
	};
	rootObject = 51C1E15A1CB66CAE0033F0FA /* Project object */;
}
